
Microsoft Visual Studio Solution File, Format Version 12.00
# Visual Studio 15
VisualStudioVersion = 15.0.27004.2005
MinimumVisualStudioVersion = 10.0.40219.1
Project("{2150E333-8FDC-42A3-9474-1A3956D46DE8}") = "Integration", "Integration", "{753DB665-395C-4AB8-98CC-385D262F25F9}"
EndProject
Project("{2150E333-8FDC-42A3-9474-1A3956D46DE8}") = "Framework", "Framework", "{C5A00C75-FFA5-48D9-892F-EFE0FCE3787F}"
EndProject
Project("{2150E333-8FDC-42A3-9474-1A3956D46DE8}") = "Solution Items", "Solution Items", "{34312662-4F01-4DCF-9CA5-0488EFBE82BD}"
	ProjectSection(SolutionItems) = preProject
		.gitattributes = .gitattributes
		.gitignore = .gitignore
		LICENSE = LICENSE
		README.md = README.md
	EndProjectSection
EndProject
Project("{FAE04EC0-301F-11D3-BF4B-00C04F79EFBC}") = "MVPathway.Integration.Droid", "MVPathway.Integration.Droid\MVPathway.Integration.Droid.csproj", "{A4CE2911-FA3E-4B04-8B91-CB0D1B26AB1B}"
EndProject
Project("{FAE04EC0-301F-11D3-BF4B-00C04F79EFBC}") = "MVPathway.Integration.iOS", "MVPathway.Integration.iOS\MVPathway.Integration.iOS.csproj", "{13B2D7EB-642A-46FD-840E-C48E070033C6}"
	ProjectSection(ProjectDependencies) = postProject
		{AB2B7D3E-5346-48A3-A53D-9E1E77242BB1} = {AB2B7D3E-5346-48A3-A53D-9E1E77242BB1}
		{386FA3FD-2265-4AF9-875E-CD3D46112343} = {386FA3FD-2265-4AF9-875E-CD3D46112343}
	EndProjectSection
EndProject
Project("{FAE04EC0-301F-11D3-BF4B-00C04F79EFBC}") = "MVPathway.Integration.UWP", "MVPathway.Integration.UWP\MVPathway.Integration.UWP.csproj", "{45EF5995-6FF7-40C1-A32A-BDDF57316133}"
EndProject
Project("{9A19103F-16F7-4668-BE54-9A1E7A4F7556}") = "MVPathway", "MVPathway\MVPathway.csproj", "{386FA3FD-2265-4AF9-875E-CD3D46112343}"
EndProject
Project("{9A19103F-16F7-4668-BE54-9A1E7A4F7556}") = "MVPathway.Navigator", "MVPathway.Navigator\MVPathway.Navigator.csproj", "{9ACCF340-B411-4032-88E1-4F39CEBBCB82}"
	ProjectSection(ProjectDependencies) = postProject
		{386FA3FD-2265-4AF9-875E-CD3D46112343} = {386FA3FD-2265-4AF9-875E-CD3D46112343}
	EndProjectSection
EndProject
Project("{9A19103F-16F7-4668-BE54-9A1E7A4F7556}") = "MVPathway.Roam", "MVPathway.Roam\MVPathway.Roam.csproj", "{9909E8D9-7FD6-4EE2-980B-6FBA3814F1EF}"
	ProjectSection(ProjectDependencies) = postProject
		{386FA3FD-2265-4AF9-875E-CD3D46112343} = {386FA3FD-2265-4AF9-875E-CD3D46112343}
	EndProjectSection
EndProject
Project("{9A19103F-16F7-4668-BE54-9A1E7A4F7556}") = "MVPathway.Utils", "MVPathway.Utils\MVPathway.Utils.csproj", "{D49B6B02-367F-4EE2-B15B-E6A7B6CD6C1F}"
EndProject
Project("{9A19103F-16F7-4668-BE54-9A1E7A4F7556}") = "MVPathway.Integration", "MVPathway.Integration\MVPathway.Integration.csproj", "{AB2B7D3E-5346-48A3-A53D-9E1E77242BB1}"
EndProject
Global
	GlobalSection(SolutionConfigurationPlatforms) = preSolution
		Ad-Hoc|Any CPU = Ad-Hoc|Any CPU
		Ad-Hoc|ARM = Ad-Hoc|ARM
		Ad-Hoc|iPhone = Ad-Hoc|iPhone
		Ad-Hoc|iPhoneSimulator = Ad-Hoc|iPhoneSimulator
		Ad-Hoc|x64 = Ad-Hoc|x64
		Ad-Hoc|x86 = Ad-Hoc|x86
		AppStore|Any CPU = AppStore|Any CPU
		AppStore|ARM = AppStore|ARM
		AppStore|iPhone = AppStore|iPhone
		AppStore|iPhoneSimulator = AppStore|iPhoneSimulator
		AppStore|x64 = AppStore|x64
		AppStore|x86 = AppStore|x86
		AppVeyor-Release|Any CPU = AppVeyor-Release|Any CPU
		AppVeyor-Release|ARM = AppVeyor-Release|ARM
		AppVeyor-Release|iPhone = AppVeyor-Release|iPhone
		AppVeyor-Release|iPhoneSimulator = AppVeyor-Release|iPhoneSimulator
		AppVeyor-Release|x64 = AppVeyor-Release|x64
		AppVeyor-Release|x86 = AppVeyor-Release|x86
		Debug|Any CPU = Debug|Any CPU
		Debug|ARM = Debug|ARM
		Debug|iPhone = Debug|iPhone
		Debug|iPhoneSimulator = Debug|iPhoneSimulator
		Debug|x64 = Debug|x64
		Debug|x86 = Debug|x86
		Release|Any CPU = Release|Any CPU
		Release|ARM = Release|ARM
		Release|iPhone = Release|iPhone
		Release|iPhoneSimulator = Release|iPhoneSimulator
		Release|x64 = Release|x64
		Release|x86 = Release|x86
	EndGlobalSection
	GlobalSection(ProjectConfigurationPlatforms) = postSolution
		{A4CE2911-FA3E-4B04-8B91-CB0D1B26AB1B}.Ad-Hoc|Any CPU.ActiveCfg = Release|Any CPU
		{A4CE2911-FA3E-4B04-8B91-CB0D1B26AB1B}.Ad-Hoc|Any CPU.Build.0 = Release|Any CPU
		{A4CE2911-FA3E-4B04-8B91-CB0D1B26AB1B}.Ad-Hoc|Any CPU.Deploy.0 = Release|Any CPU
		{A4CE2911-FA3E-4B04-8B91-CB0D1B26AB1B}.Ad-Hoc|ARM.ActiveCfg = Release|Any CPU
		{A4CE2911-FA3E-4B04-8B91-CB0D1B26AB1B}.Ad-Hoc|ARM.Build.0 = Release|Any CPU
		{A4CE2911-FA3E-4B04-8B91-CB0D1B26AB1B}.Ad-Hoc|ARM.Deploy.0 = Release|Any CPU
		{A4CE2911-FA3E-4B04-8B91-CB0D1B26AB1B}.Ad-Hoc|iPhone.ActiveCfg = Release|Any CPU
		{A4CE2911-FA3E-4B04-8B91-CB0D1B26AB1B}.Ad-Hoc|iPhone.Build.0 = Release|Any CPU
		{A4CE2911-FA3E-4B04-8B91-CB0D1B26AB1B}.Ad-Hoc|iPhone.Deploy.0 = Release|Any CPU
		{A4CE2911-FA3E-4B04-8B91-CB0D1B26AB1B}.Ad-Hoc|iPhoneSimulator.ActiveCfg = Release|Any CPU
		{A4CE2911-FA3E-4B04-8B91-CB0D1B26AB1B}.Ad-Hoc|iPhoneSimulator.Build.0 = Release|Any CPU
		{A4CE2911-FA3E-4B04-8B91-CB0D1B26AB1B}.Ad-Hoc|iPhoneSimulator.Deploy.0 = Release|Any CPU
		{A4CE2911-FA3E-4B04-8B91-CB0D1B26AB1B}.Ad-Hoc|x64.ActiveCfg = Release|Any CPU
		{A4CE2911-FA3E-4B04-8B91-CB0D1B26AB1B}.Ad-Hoc|x64.Build.0 = Release|Any CPU
		{A4CE2911-FA3E-4B04-8B91-CB0D1B26AB1B}.Ad-Hoc|x64.Deploy.0 = Release|Any CPU
		{A4CE2911-FA3E-4B04-8B91-CB0D1B26AB1B}.Ad-Hoc|x86.ActiveCfg = Release|Any CPU
		{A4CE2911-FA3E-4B04-8B91-CB0D1B26AB1B}.Ad-Hoc|x86.Build.0 = Release|Any CPU
		{A4CE2911-FA3E-4B04-8B91-CB0D1B26AB1B}.Ad-Hoc|x86.Deploy.0 = Release|Any CPU
		{A4CE2911-FA3E-4B04-8B91-CB0D1B26AB1B}.AppStore|Any CPU.ActiveCfg = Release|Any CPU
		{A4CE2911-FA3E-4B04-8B91-CB0D1B26AB1B}.AppStore|Any CPU.Build.0 = Release|Any CPU
		{A4CE2911-FA3E-4B04-8B91-CB0D1B26AB1B}.AppStore|Any CPU.Deploy.0 = Release|Any CPU
		{A4CE2911-FA3E-4B04-8B91-CB0D1B26AB1B}.AppStore|ARM.ActiveCfg = Release|Any CPU
		{A4CE2911-FA3E-4B04-8B91-CB0D1B26AB1B}.AppStore|ARM.Build.0 = Release|Any CPU
		{A4CE2911-FA3E-4B04-8B91-CB0D1B26AB1B}.AppStore|ARM.Deploy.0 = Release|Any CPU
		{A4CE2911-FA3E-4B04-8B91-CB0D1B26AB1B}.AppStore|iPhone.ActiveCfg = Release|Any CPU
		{A4CE2911-FA3E-4B04-8B91-CB0D1B26AB1B}.AppStore|iPhone.Build.0 = Release|Any CPU
		{A4CE2911-FA3E-4B04-8B91-CB0D1B26AB1B}.AppStore|iPhone.Deploy.0 = Release|Any CPU
		{A4CE2911-FA3E-4B04-8B91-CB0D1B26AB1B}.AppStore|iPhoneSimulator.ActiveCfg = Release|Any CPU
		{A4CE2911-FA3E-4B04-8B91-CB0D1B26AB1B}.AppStore|iPhoneSimulator.Build.0 = Release|Any CPU
		{A4CE2911-FA3E-4B04-8B91-CB0D1B26AB1B}.AppStore|iPhoneSimulator.Deploy.0 = Release|Any CPU
		{A4CE2911-FA3E-4B04-8B91-CB0D1B26AB1B}.AppStore|x64.ActiveCfg = Release|Any CPU
		{A4CE2911-FA3E-4B04-8B91-CB0D1B26AB1B}.AppStore|x64.Build.0 = Release|Any CPU
		{A4CE2911-FA3E-4B04-8B91-CB0D1B26AB1B}.AppStore|x64.Deploy.0 = Release|Any CPU
		{A4CE2911-FA3E-4B04-8B91-CB0D1B26AB1B}.AppStore|x86.ActiveCfg = Release|Any CPU
		{A4CE2911-FA3E-4B04-8B91-CB0D1B26AB1B}.AppStore|x86.Build.0 = Release|Any CPU
		{A4CE2911-FA3E-4B04-8B91-CB0D1B26AB1B}.AppStore|x86.Deploy.0 = Release|Any CPU
		{A4CE2911-FA3E-4B04-8B91-CB0D1B26AB1B}.AppVeyor-Release|Any CPU.ActiveCfg = Release|Any CPU
		{A4CE2911-FA3E-4B04-8B91-CB0D1B26AB1B}.AppVeyor-Release|Any CPU.Build.0 = Release|Any CPU
		{A4CE2911-FA3E-4B04-8B91-CB0D1B26AB1B}.AppVeyor-Release|Any CPU.Deploy.0 = Release|Any CPU
		{A4CE2911-FA3E-4B04-8B91-CB0D1B26AB1B}.AppVeyor-Release|ARM.ActiveCfg = Release|Any CPU
		{A4CE2911-FA3E-4B04-8B91-CB0D1B26AB1B}.AppVeyor-Release|ARM.Build.0 = Release|Any CPU
		{A4CE2911-FA3E-4B04-8B91-CB0D1B26AB1B}.AppVeyor-Release|ARM.Deploy.0 = Release|Any CPU
		{A4CE2911-FA3E-4B04-8B91-CB0D1B26AB1B}.AppVeyor-Release|iPhone.ActiveCfg = Release|Any CPU
		{A4CE2911-FA3E-4B04-8B91-CB0D1B26AB1B}.AppVeyor-Release|iPhone.Build.0 = Release|Any CPU
		{A4CE2911-FA3E-4B04-8B91-CB0D1B26AB1B}.AppVeyor-Release|iPhone.Deploy.0 = Release|Any CPU
		{A4CE2911-FA3E-4B04-8B91-CB0D1B26AB1B}.AppVeyor-Release|iPhoneSimulator.ActiveCfg = Release|Any CPU
		{A4CE2911-FA3E-4B04-8B91-CB0D1B26AB1B}.AppVeyor-Release|iPhoneSimulator.Build.0 = Release|Any CPU
		{A4CE2911-FA3E-4B04-8B91-CB0D1B26AB1B}.AppVeyor-Release|iPhoneSimulator.Deploy.0 = Release|Any CPU
		{A4CE2911-FA3E-4B04-8B91-CB0D1B26AB1B}.AppVeyor-Release|x64.ActiveCfg = Release|Any CPU
		{A4CE2911-FA3E-4B04-8B91-CB0D1B26AB1B}.AppVeyor-Release|x64.Build.0 = Release|Any CPU
		{A4CE2911-FA3E-4B04-8B91-CB0D1B26AB1B}.AppVeyor-Release|x64.Deploy.0 = Release|Any CPU
		{A4CE2911-FA3E-4B04-8B91-CB0D1B26AB1B}.AppVeyor-Release|x86.ActiveCfg = Release|Any CPU
		{A4CE2911-FA3E-4B04-8B91-CB0D1B26AB1B}.AppVeyor-Release|x86.Build.0 = Release|Any CPU
		{A4CE2911-FA3E-4B04-8B91-CB0D1B26AB1B}.AppVeyor-Release|x86.Deploy.0 = Release|Any CPU
		{A4CE2911-FA3E-4B04-8B91-CB0D1B26AB1B}.Debug|Any CPU.ActiveCfg = Debug|Any CPU
		{A4CE2911-FA3E-4B04-8B91-CB0D1B26AB1B}.Debug|Any CPU.Build.0 = Debug|Any CPU
		{A4CE2911-FA3E-4B04-8B91-CB0D1B26AB1B}.Debug|Any CPU.Deploy.0 = Debug|Any CPU
		{A4CE2911-FA3E-4B04-8B91-CB0D1B26AB1B}.Debug|ARM.ActiveCfg = Debug|Any CPU
		{A4CE2911-FA3E-4B04-8B91-CB0D1B26AB1B}.Debug|ARM.Build.0 = Debug|Any CPU
		{A4CE2911-FA3E-4B04-8B91-CB0D1B26AB1B}.Debug|ARM.Deploy.0 = Debug|Any CPU
		{A4CE2911-FA3E-4B04-8B91-CB0D1B26AB1B}.Debug|iPhone.ActiveCfg = Debug|Any CPU
		{A4CE2911-FA3E-4B04-8B91-CB0D1B26AB1B}.Debug|iPhone.Build.0 = Debug|Any CPU
		{A4CE2911-FA3E-4B04-8B91-CB0D1B26AB1B}.Debug|iPhone.Deploy.0 = Debug|Any CPU
		{A4CE2911-FA3E-4B04-8B91-CB0D1B26AB1B}.Debug|iPhoneSimulator.ActiveCfg = Debug|Any CPU
		{A4CE2911-FA3E-4B04-8B91-CB0D1B26AB1B}.Debug|iPhoneSimulator.Build.0 = Debug|Any CPU
		{A4CE2911-FA3E-4B04-8B91-CB0D1B26AB1B}.Debug|iPhoneSimulator.Deploy.0 = Debug|Any CPU
		{A4CE2911-FA3E-4B04-8B91-CB0D1B26AB1B}.Debug|x64.ActiveCfg = Debug|Any CPU
		{A4CE2911-FA3E-4B04-8B91-CB0D1B26AB1B}.Debug|x64.Build.0 = Debug|Any CPU
		{A4CE2911-FA3E-4B04-8B91-CB0D1B26AB1B}.Debug|x64.Deploy.0 = Debug|Any CPU
		{A4CE2911-FA3E-4B04-8B91-CB0D1B26AB1B}.Debug|x86.ActiveCfg = Debug|Any CPU
		{A4CE2911-FA3E-4B04-8B91-CB0D1B26AB1B}.Debug|x86.Build.0 = Debug|Any CPU
		{A4CE2911-FA3E-4B04-8B91-CB0D1B26AB1B}.Debug|x86.Deploy.0 = Debug|Any CPU
		{A4CE2911-FA3E-4B04-8B91-CB0D1B26AB1B}.Release|Any CPU.ActiveCfg = Release|Any CPU
		{A4CE2911-FA3E-4B04-8B91-CB0D1B26AB1B}.Release|Any CPU.Build.0 = Release|Any CPU
		{A4CE2911-FA3E-4B04-8B91-CB0D1B26AB1B}.Release|Any CPU.Deploy.0 = Release|Any CPU
		{A4CE2911-FA3E-4B04-8B91-CB0D1B26AB1B}.Release|ARM.ActiveCfg = Release|Any CPU
		{A4CE2911-FA3E-4B04-8B91-CB0D1B26AB1B}.Release|ARM.Build.0 = Release|Any CPU
		{A4CE2911-FA3E-4B04-8B91-CB0D1B26AB1B}.Release|ARM.Deploy.0 = Release|Any CPU
		{A4CE2911-FA3E-4B04-8B91-CB0D1B26AB1B}.Release|iPhone.ActiveCfg = Release|Any CPU
		{A4CE2911-FA3E-4B04-8B91-CB0D1B26AB1B}.Release|iPhone.Build.0 = Release|Any CPU
		{A4CE2911-FA3E-4B04-8B91-CB0D1B26AB1B}.Release|iPhone.Deploy.0 = Release|Any CPU
		{A4CE2911-FA3E-4B04-8B91-CB0D1B26AB1B}.Release|iPhoneSimulator.ActiveCfg = Release|Any CPU
		{A4CE2911-FA3E-4B04-8B91-CB0D1B26AB1B}.Release|iPhoneSimulator.Build.0 = Release|Any CPU
		{A4CE2911-FA3E-4B04-8B91-CB0D1B26AB1B}.Release|iPhoneSimulator.Deploy.0 = Release|Any CPU
		{A4CE2911-FA3E-4B04-8B91-CB0D1B26AB1B}.Release|x64.ActiveCfg = Release|Any CPU
		{A4CE2911-FA3E-4B04-8B91-CB0D1B26AB1B}.Release|x64.Build.0 = Release|Any CPU
		{A4CE2911-FA3E-4B04-8B91-CB0D1B26AB1B}.Release|x64.Deploy.0 = Release|Any CPU
		{A4CE2911-FA3E-4B04-8B91-CB0D1B26AB1B}.Release|x86.ActiveCfg = Release|Any CPU
		{A4CE2911-FA3E-4B04-8B91-CB0D1B26AB1B}.Release|x86.Build.0 = Release|Any CPU
		{A4CE2911-FA3E-4B04-8B91-CB0D1B26AB1B}.Release|x86.Deploy.0 = Release|Any CPU
		{13B2D7EB-642A-46FD-840E-C48E070033C6}.Ad-Hoc|Any CPU.ActiveCfg = Ad-Hoc|iPhone
		{13B2D7EB-642A-46FD-840E-C48E070033C6}.Ad-Hoc|ARM.ActiveCfg = Ad-Hoc|iPhone
		{13B2D7EB-642A-46FD-840E-C48E070033C6}.Ad-Hoc|iPhone.ActiveCfg = Ad-Hoc|iPhone
		{13B2D7EB-642A-46FD-840E-C48E070033C6}.Ad-Hoc|iPhone.Build.0 = Ad-Hoc|iPhone
		{13B2D7EB-642A-46FD-840E-C48E070033C6}.Ad-Hoc|iPhoneSimulator.ActiveCfg = Ad-Hoc|iPhoneSimulator
		{13B2D7EB-642A-46FD-840E-C48E070033C6}.Ad-Hoc|iPhoneSimulator.Build.0 = Ad-Hoc|iPhoneSimulator
		{13B2D7EB-642A-46FD-840E-C48E070033C6}.Ad-Hoc|x64.ActiveCfg = Ad-Hoc|iPhone
		{13B2D7EB-642A-46FD-840E-C48E070033C6}.Ad-Hoc|x86.ActiveCfg = Ad-Hoc|iPhone
		{13B2D7EB-642A-46FD-840E-C48E070033C6}.AppStore|Any CPU.ActiveCfg = AppStore|iPhone
		{13B2D7EB-642A-46FD-840E-C48E070033C6}.AppStore|ARM.ActiveCfg = AppStore|iPhone
		{13B2D7EB-642A-46FD-840E-C48E070033C6}.AppStore|iPhone.ActiveCfg = AppStore|iPhone
		{13B2D7EB-642A-46FD-840E-C48E070033C6}.AppStore|iPhone.Build.0 = AppStore|iPhone
		{13B2D7EB-642A-46FD-840E-C48E070033C6}.AppStore|iPhoneSimulator.ActiveCfg = AppStore|iPhoneSimulator
		{13B2D7EB-642A-46FD-840E-C48E070033C6}.AppStore|iPhoneSimulator.Build.0 = AppStore|iPhoneSimulator
		{13B2D7EB-642A-46FD-840E-C48E070033C6}.AppStore|x64.ActiveCfg = AppStore|iPhone
		{13B2D7EB-642A-46FD-840E-C48E070033C6}.AppStore|x86.ActiveCfg = AppStore|iPhone
		{13B2D7EB-642A-46FD-840E-C48E070033C6}.AppVeyor-Release|Any CPU.ActiveCfg = AppVeyor-Release|iPhone
		{13B2D7EB-642A-46FD-840E-C48E070033C6}.AppVeyor-Release|ARM.ActiveCfg = AppVeyor-Release|iPhone
		{13B2D7EB-642A-46FD-840E-C48E070033C6}.AppVeyor-Release|iPhone.ActiveCfg = AppVeyor-Release|iPhone
		{13B2D7EB-642A-46FD-840E-C48E070033C6}.AppVeyor-Release|iPhone.Build.0 = AppVeyor-Release|iPhone
		{13B2D7EB-642A-46FD-840E-C48E070033C6}.AppVeyor-Release|iPhoneSimulator.ActiveCfg = AppVeyor-Release|iPhoneSimulator
		{13B2D7EB-642A-46FD-840E-C48E070033C6}.AppVeyor-Release|iPhoneSimulator.Build.0 = AppVeyor-Release|iPhoneSimulator
		{13B2D7EB-642A-46FD-840E-C48E070033C6}.AppVeyor-Release|x64.ActiveCfg = AppVeyor-Release|iPhone
		{13B2D7EB-642A-46FD-840E-C48E070033C6}.AppVeyor-Release|x86.ActiveCfg = AppVeyor-Release|iPhone
		{13B2D7EB-642A-46FD-840E-C48E070033C6}.Debug|Any CPU.ActiveCfg = Debug|iPhoneSimulator
		{13B2D7EB-642A-46FD-840E-C48E070033C6}.Debug|Any CPU.Build.0 = Debug|iPhoneSimulator
		{13B2D7EB-642A-46FD-840E-C48E070033C6}.Debug|ARM.ActiveCfg = Debug|iPhone
		{13B2D7EB-642A-46FD-840E-C48E070033C6}.Debug|iPhone.ActiveCfg = Debug|iPhone
		{13B2D7EB-642A-46FD-840E-C48E070033C6}.Debug|iPhone.Build.0 = Debug|iPhone
		{13B2D7EB-642A-46FD-840E-C48E070033C6}.Debug|iPhoneSimulator.ActiveCfg = Debug|iPhoneSimulator
		{13B2D7EB-642A-46FD-840E-C48E070033C6}.Debug|iPhoneSimulator.Build.0 = Debug|iPhoneSimulator
		{13B2D7EB-642A-46FD-840E-C48E070033C6}.Debug|x64.ActiveCfg = Debug|iPhone
		{13B2D7EB-642A-46FD-840E-C48E070033C6}.Debug|x86.ActiveCfg = Debug|iPhoneSimulator
		{13B2D7EB-642A-46FD-840E-C48E070033C6}.Release|Any CPU.ActiveCfg = Release|iPhone
		{13B2D7EB-642A-46FD-840E-C48E070033C6}.Release|ARM.ActiveCfg = Release|iPhone
		{13B2D7EB-642A-46FD-840E-C48E070033C6}.Release|iPhone.ActiveCfg = Release|iPhone
		{13B2D7EB-642A-46FD-840E-C48E070033C6}.Release|iPhone.Build.0 = Release|iPhone
		{13B2D7EB-642A-46FD-840E-C48E070033C6}.Release|iPhoneSimulator.ActiveCfg = Release|iPhoneSimulator
		{13B2D7EB-642A-46FD-840E-C48E070033C6}.Release|iPhoneSimulator.Build.0 = Release|iPhoneSimulator
		{13B2D7EB-642A-46FD-840E-C48E070033C6}.Release|x64.ActiveCfg = Release|iPhone
		{13B2D7EB-642A-46FD-840E-C48E070033C6}.Release|x86.ActiveCfg = Release|iPhone
		{45EF5995-6FF7-40C1-A32A-BDDF57316133}.Ad-Hoc|Any CPU.ActiveCfg = AppVeyor-Release|x86
		{45EF5995-6FF7-40C1-A32A-BDDF57316133}.Ad-Hoc|Any CPU.Build.0 = AppVeyor-Release|x86
		{45EF5995-6FF7-40C1-A32A-BDDF57316133}.Ad-Hoc|Any CPU.Deploy.0 = AppVeyor-Release|x86
		{45EF5995-6FF7-40C1-A32A-BDDF57316133}.Ad-Hoc|ARM.ActiveCfg = AppVeyor-Release|ARM
		{45EF5995-6FF7-40C1-A32A-BDDF57316133}.Ad-Hoc|ARM.Build.0 = AppVeyor-Release|ARM
		{45EF5995-6FF7-40C1-A32A-BDDF57316133}.Ad-Hoc|ARM.Deploy.0 = AppVeyor-Release|ARM
		{45EF5995-6FF7-40C1-A32A-BDDF57316133}.Ad-Hoc|iPhone.ActiveCfg = AppVeyor-Release|x86
		{45EF5995-6FF7-40C1-A32A-BDDF57316133}.Ad-Hoc|iPhone.Build.0 = AppVeyor-Release|x86
		{45EF5995-6FF7-40C1-A32A-BDDF57316133}.Ad-Hoc|iPhone.Deploy.0 = AppVeyor-Release|x86
		{45EF5995-6FF7-40C1-A32A-BDDF57316133}.Ad-Hoc|iPhoneSimulator.ActiveCfg = AppVeyor-Release|x86
		{45EF5995-6FF7-40C1-A32A-BDDF57316133}.Ad-Hoc|iPhoneSimulator.Build.0 = AppVeyor-Release|x86
		{45EF5995-6FF7-40C1-A32A-BDDF57316133}.Ad-Hoc|iPhoneSimulator.Deploy.0 = AppVeyor-Release|x86
		{45EF5995-6FF7-40C1-A32A-BDDF57316133}.Ad-Hoc|x64.ActiveCfg = AppVeyor-Release|x64
		{45EF5995-6FF7-40C1-A32A-BDDF57316133}.Ad-Hoc|x64.Build.0 = AppVeyor-Release|x64
		{45EF5995-6FF7-40C1-A32A-BDDF57316133}.Ad-Hoc|x64.Deploy.0 = AppVeyor-Release|x64
		{45EF5995-6FF7-40C1-A32A-BDDF57316133}.Ad-Hoc|x86.ActiveCfg = AppVeyor-Release|x86
		{45EF5995-6FF7-40C1-A32A-BDDF57316133}.Ad-Hoc|x86.Build.0 = AppVeyor-Release|x86
		{45EF5995-6FF7-40C1-A32A-BDDF57316133}.Ad-Hoc|x86.Deploy.0 = AppVeyor-Release|x86
		{45EF5995-6FF7-40C1-A32A-BDDF57316133}.AppStore|Any CPU.ActiveCfg = AppVeyor-Release|x86
		{45EF5995-6FF7-40C1-A32A-BDDF57316133}.AppStore|Any CPU.Build.0 = AppVeyor-Release|x86
		{45EF5995-6FF7-40C1-A32A-BDDF57316133}.AppStore|Any CPU.Deploy.0 = AppVeyor-Release|x86
		{45EF5995-6FF7-40C1-A32A-BDDF57316133}.AppStore|ARM.ActiveCfg = AppVeyor-Release|ARM
		{45EF5995-6FF7-40C1-A32A-BDDF57316133}.AppStore|ARM.Build.0 = AppVeyor-Release|ARM
		{45EF5995-6FF7-40C1-A32A-BDDF57316133}.AppStore|ARM.Deploy.0 = AppVeyor-Release|ARM
		{45EF5995-6FF7-40C1-A32A-BDDF57316133}.AppStore|iPhone.ActiveCfg = AppVeyor-Release|x86
		{45EF5995-6FF7-40C1-A32A-BDDF57316133}.AppStore|iPhone.Build.0 = AppVeyor-Release|x86
		{45EF5995-6FF7-40C1-A32A-BDDF57316133}.AppStore|iPhone.Deploy.0 = AppVeyor-Release|x86
		{45EF5995-6FF7-40C1-A32A-BDDF57316133}.AppStore|iPhoneSimulator.ActiveCfg = AppVeyor-Release|x86
		{45EF5995-6FF7-40C1-A32A-BDDF57316133}.AppStore|iPhoneSimulator.Build.0 = AppVeyor-Release|x86
		{45EF5995-6FF7-40C1-A32A-BDDF57316133}.AppStore|iPhoneSimulator.Deploy.0 = AppVeyor-Release|x86
		{45EF5995-6FF7-40C1-A32A-BDDF57316133}.AppStore|x64.ActiveCfg = AppVeyor-Release|x64
		{45EF5995-6FF7-40C1-A32A-BDDF57316133}.AppStore|x64.Build.0 = AppVeyor-Release|x64
		{45EF5995-6FF7-40C1-A32A-BDDF57316133}.AppStore|x64.Deploy.0 = AppVeyor-Release|x64
		{45EF5995-6FF7-40C1-A32A-BDDF57316133}.AppStore|x86.ActiveCfg = AppVeyor-Release|x86
		{45EF5995-6FF7-40C1-A32A-BDDF57316133}.AppStore|x86.Build.0 = AppVeyor-Release|x86
		{45EF5995-6FF7-40C1-A32A-BDDF57316133}.AppStore|x86.Deploy.0 = AppVeyor-Release|x86
		{45EF5995-6FF7-40C1-A32A-BDDF57316133}.AppVeyor-Release|Any CPU.ActiveCfg = AppVeyor-Release|x86
		{45EF5995-6FF7-40C1-A32A-BDDF57316133}.AppVeyor-Release|ARM.ActiveCfg = AppVeyor-Release|ARM
		{45EF5995-6FF7-40C1-A32A-BDDF57316133}.AppVeyor-Release|ARM.Build.0 = AppVeyor-Release|ARM
		{45EF5995-6FF7-40C1-A32A-BDDF57316133}.AppVeyor-Release|ARM.Deploy.0 = AppVeyor-Release|ARM
		{45EF5995-6FF7-40C1-A32A-BDDF57316133}.AppVeyor-Release|iPhone.ActiveCfg = AppVeyor-Release|x86
		{45EF5995-6FF7-40C1-A32A-BDDF57316133}.AppVeyor-Release|iPhoneSimulator.ActiveCfg = AppVeyor-Release|x86
		{45EF5995-6FF7-40C1-A32A-BDDF57316133}.AppVeyor-Release|x64.ActiveCfg = AppVeyor-Release|x64
		{45EF5995-6FF7-40C1-A32A-BDDF57316133}.AppVeyor-Release|x64.Build.0 = AppVeyor-Release|x64
		{45EF5995-6FF7-40C1-A32A-BDDF57316133}.AppVeyor-Release|x64.Deploy.0 = AppVeyor-Release|x64
		{45EF5995-6FF7-40C1-A32A-BDDF57316133}.AppVeyor-Release|x86.ActiveCfg = AppVeyor-Release|x86
		{45EF5995-6FF7-40C1-A32A-BDDF57316133}.AppVeyor-Release|x86.Build.0 = AppVeyor-Release|x86
		{45EF5995-6FF7-40C1-A32A-BDDF57316133}.AppVeyor-Release|x86.Deploy.0 = AppVeyor-Release|x86
		{45EF5995-6FF7-40C1-A32A-BDDF57316133}.Debug|Any CPU.ActiveCfg = Debug|x86
		{45EF5995-6FF7-40C1-A32A-BDDF57316133}.Debug|Any CPU.Build.0 = Debug|x86
		{45EF5995-6FF7-40C1-A32A-BDDF57316133}.Debug|Any CPU.Deploy.0 = Debug|x86
		{45EF5995-6FF7-40C1-A32A-BDDF57316133}.Debug|ARM.ActiveCfg = Debug|ARM
		{45EF5995-6FF7-40C1-A32A-BDDF57316133}.Debug|ARM.Build.0 = Debug|ARM
		{45EF5995-6FF7-40C1-A32A-BDDF57316133}.Debug|ARM.Deploy.0 = Debug|ARM
		{45EF5995-6FF7-40C1-A32A-BDDF57316133}.Debug|iPhone.ActiveCfg = Debug|x86
		{45EF5995-6FF7-40C1-A32A-BDDF57316133}.Debug|iPhoneSimulator.ActiveCfg = Debug|x86
		{45EF5995-6FF7-40C1-A32A-BDDF57316133}.Debug|x64.ActiveCfg = Debug|x64
		{45EF5995-6FF7-40C1-A32A-BDDF57316133}.Debug|x64.Build.0 = Debug|x64
		{45EF5995-6FF7-40C1-A32A-BDDF57316133}.Debug|x64.Deploy.0 = Debug|x64
		{45EF5995-6FF7-40C1-A32A-BDDF57316133}.Debug|x86.ActiveCfg = Debug|x86
		{45EF5995-6FF7-40C1-A32A-BDDF57316133}.Debug|x86.Build.0 = Debug|x86
		{45EF5995-6FF7-40C1-A32A-BDDF57316133}.Debug|x86.Deploy.0 = Debug|x86
		{45EF5995-6FF7-40C1-A32A-BDDF57316133}.Release|Any CPU.ActiveCfg = Release|x86
		{45EF5995-6FF7-40C1-A32A-BDDF57316133}.Release|ARM.ActiveCfg = Release|ARM
		{45EF5995-6FF7-40C1-A32A-BDDF57316133}.Release|ARM.Build.0 = Release|ARM
		{45EF5995-6FF7-40C1-A32A-BDDF57316133}.Release|ARM.Deploy.0 = Release|ARM
		{45EF5995-6FF7-40C1-A32A-BDDF57316133}.Release|iPhone.ActiveCfg = Release|x86
		{45EF5995-6FF7-40C1-A32A-BDDF57316133}.Release|iPhoneSimulator.ActiveCfg = Release|x86
		{45EF5995-6FF7-40C1-A32A-BDDF57316133}.Release|x64.ActiveCfg = Release|x64
		{45EF5995-6FF7-40C1-A32A-BDDF57316133}.Release|x64.Build.0 = Release|x64
		{45EF5995-6FF7-40C1-A32A-BDDF57316133}.Release|x64.Deploy.0 = Release|x64
		{45EF5995-6FF7-40C1-A32A-BDDF57316133}.Release|x86.ActiveCfg = Release|x86
		{45EF5995-6FF7-40C1-A32A-BDDF57316133}.Release|x86.Build.0 = Release|x86
		{45EF5995-6FF7-40C1-A32A-BDDF57316133}.Release|x86.Deploy.0 = Release|x86
		{386FA3FD-2265-4AF9-875E-CD3D46112343}.Ad-Hoc|Any CPU.ActiveCfg = Debug|Any CPU
		{386FA3FD-2265-4AF9-875E-CD3D46112343}.Ad-Hoc|Any CPU.Build.0 = Debug|Any CPU
		{386FA3FD-2265-4AF9-875E-CD3D46112343}.Ad-Hoc|ARM.ActiveCfg = Debug|Any CPU
		{386FA3FD-2265-4AF9-875E-CD3D46112343}.Ad-Hoc|ARM.Build.0 = Debug|Any CPU
		{386FA3FD-2265-4AF9-875E-CD3D46112343}.Ad-Hoc|iPhone.ActiveCfg = Debug|Any CPU
		{386FA3FD-2265-4AF9-875E-CD3D46112343}.Ad-Hoc|iPhone.Build.0 = Debug|Any CPU
		{386FA3FD-2265-4AF9-875E-CD3D46112343}.Ad-Hoc|iPhoneSimulator.ActiveCfg = Debug|Any CPU
		{386FA3FD-2265-4AF9-875E-CD3D46112343}.Ad-Hoc|iPhoneSimulator.Build.0 = Debug|Any CPU
		{386FA3FD-2265-4AF9-875E-CD3D46112343}.Ad-Hoc|x64.ActiveCfg = Debug|Any CPU
		{386FA3FD-2265-4AF9-875E-CD3D46112343}.Ad-Hoc|x64.Build.0 = Debug|Any CPU
		{386FA3FD-2265-4AF9-875E-CD3D46112343}.Ad-Hoc|x86.ActiveCfg = Debug|Any CPU
		{386FA3FD-2265-4AF9-875E-CD3D46112343}.Ad-Hoc|x86.Build.0 = Debug|Any CPU
		{386FA3FD-2265-4AF9-875E-CD3D46112343}.AppStore|Any CPU.ActiveCfg = Debug|Any CPU
		{386FA3FD-2265-4AF9-875E-CD3D46112343}.AppStore|Any CPU.Build.0 = Debug|Any CPU
		{386FA3FD-2265-4AF9-875E-CD3D46112343}.AppStore|ARM.ActiveCfg = Debug|Any CPU
		{386FA3FD-2265-4AF9-875E-CD3D46112343}.AppStore|ARM.Build.0 = Debug|Any CPU
		{386FA3FD-2265-4AF9-875E-CD3D46112343}.AppStore|iPhone.ActiveCfg = Debug|Any CPU
		{386FA3FD-2265-4AF9-875E-CD3D46112343}.AppStore|iPhone.Build.0 = Debug|Any CPU
		{386FA3FD-2265-4AF9-875E-CD3D46112343}.AppStore|iPhoneSimulator.ActiveCfg = Debug|Any CPU
		{386FA3FD-2265-4AF9-875E-CD3D46112343}.AppStore|iPhoneSimulator.Build.0 = Debug|Any CPU
		{386FA3FD-2265-4AF9-875E-CD3D46112343}.AppStore|x64.ActiveCfg = Debug|Any CPU
		{386FA3FD-2265-4AF9-875E-CD3D46112343}.AppStore|x64.Build.0 = Debug|Any CPU
		{386FA3FD-2265-4AF9-875E-CD3D46112343}.AppStore|x86.ActiveCfg = Debug|Any CPU
		{386FA3FD-2265-4AF9-875E-CD3D46112343}.AppStore|x86.Build.0 = Debug|Any CPU
		{386FA3FD-2265-4AF9-875E-CD3D46112343}.AppVeyor-Release|Any CPU.ActiveCfg = Release|Any CPU
		{386FA3FD-2265-4AF9-875E-CD3D46112343}.AppVeyor-Release|Any CPU.Build.0 = Release|Any CPU
		{386FA3FD-2265-4AF9-875E-CD3D46112343}.AppVeyor-Release|ARM.ActiveCfg = Release|Any CPU
		{386FA3FD-2265-4AF9-875E-CD3D46112343}.AppVeyor-Release|ARM.Build.0 = Release|Any CPU
		{386FA3FD-2265-4AF9-875E-CD3D46112343}.AppVeyor-Release|iPhone.ActiveCfg = Release|Any CPU
		{386FA3FD-2265-4AF9-875E-CD3D46112343}.AppVeyor-Release|iPhone.Build.0 = Release|Any CPU
		{386FA3FD-2265-4AF9-875E-CD3D46112343}.AppVeyor-Release|iPhoneSimulator.ActiveCfg = Release|Any CPU
		{386FA3FD-2265-4AF9-875E-CD3D46112343}.AppVeyor-Release|iPhoneSimulator.Build.0 = Release|Any CPU
		{386FA3FD-2265-4AF9-875E-CD3D46112343}.AppVeyor-Release|x64.ActiveCfg = Release|Any CPU
		{386FA3FD-2265-4AF9-875E-CD3D46112343}.AppVeyor-Release|x64.Build.0 = Release|Any CPU
		{386FA3FD-2265-4AF9-875E-CD3D46112343}.AppVeyor-Release|x86.ActiveCfg = Release|Any CPU
		{386FA3FD-2265-4AF9-875E-CD3D46112343}.AppVeyor-Release|x86.Build.0 = Release|Any CPU
		{386FA3FD-2265-4AF9-875E-CD3D46112343}.Debug|Any CPU.ActiveCfg = Debug|Any CPU
		{386FA3FD-2265-4AF9-875E-CD3D46112343}.Debug|Any CPU.Build.0 = Debug|Any CPU
		{386FA3FD-2265-4AF9-875E-CD3D46112343}.Debug|ARM.ActiveCfg = Debug|Any CPU
		{386FA3FD-2265-4AF9-875E-CD3D46112343}.Debug|ARM.Build.0 = Debug|Any CPU
		{386FA3FD-2265-4AF9-875E-CD3D46112343}.Debug|iPhone.ActiveCfg = Debug|Any CPU
		{386FA3FD-2265-4AF9-875E-CD3D46112343}.Debug|iPhone.Build.0 = Debug|Any CPU
		{386FA3FD-2265-4AF9-875E-CD3D46112343}.Debug|iPhoneSimulator.ActiveCfg = Debug|Any CPU
		{386FA3FD-2265-4AF9-875E-CD3D46112343}.Debug|iPhoneSimulator.Build.0 = Debug|Any CPU
		{386FA3FD-2265-4AF9-875E-CD3D46112343}.Debug|x64.ActiveCfg = Debug|Any CPU
		{386FA3FD-2265-4AF9-875E-CD3D46112343}.Debug|x64.Build.0 = Debug|Any CPU
		{386FA3FD-2265-4AF9-875E-CD3D46112343}.Debug|x86.ActiveCfg = Debug|Any CPU
		{386FA3FD-2265-4AF9-875E-CD3D46112343}.Debug|x86.Build.0 = Debug|Any CPU
		{386FA3FD-2265-4AF9-875E-CD3D46112343}.Release|Any CPU.ActiveCfg = Release|Any CPU
		{386FA3FD-2265-4AF9-875E-CD3D46112343}.Release|Any CPU.Build.0 = Release|Any CPU
		{386FA3FD-2265-4AF9-875E-CD3D46112343}.Release|ARM.ActiveCfg = Release|Any CPU
		{386FA3FD-2265-4AF9-875E-CD3D46112343}.Release|ARM.Build.0 = Release|Any CPU
		{386FA3FD-2265-4AF9-875E-CD3D46112343}.Release|iPhone.ActiveCfg = Release|Any CPU
		{386FA3FD-2265-4AF9-875E-CD3D46112343}.Release|iPhone.Build.0 = Release|Any CPU
		{386FA3FD-2265-4AF9-875E-CD3D46112343}.Release|iPhoneSimulator.ActiveCfg = Release|Any CPU
		{386FA3FD-2265-4AF9-875E-CD3D46112343}.Release|iPhoneSimulator.Build.0 = Release|Any CPU
		{386FA3FD-2265-4AF9-875E-CD3D46112343}.Release|x64.ActiveCfg = Release|Any CPU
		{386FA3FD-2265-4AF9-875E-CD3D46112343}.Release|x64.Build.0 = Release|Any CPU
		{386FA3FD-2265-4AF9-875E-CD3D46112343}.Release|x86.ActiveCfg = Release|Any CPU
		{386FA3FD-2265-4AF9-875E-CD3D46112343}.Release|x86.Build.0 = Release|Any CPU
		{9ACCF340-B411-4032-88E1-4F39CEBBCB82}.Ad-Hoc|Any CPU.ActiveCfg = Debug|Any CPU
		{9ACCF340-B411-4032-88E1-4F39CEBBCB82}.Ad-Hoc|Any CPU.Build.0 = Debug|Any CPU
		{9ACCF340-B411-4032-88E1-4F39CEBBCB82}.Ad-Hoc|ARM.ActiveCfg = Debug|Any CPU
		{9ACCF340-B411-4032-88E1-4F39CEBBCB82}.Ad-Hoc|ARM.Build.0 = Debug|Any CPU
		{9ACCF340-B411-4032-88E1-4F39CEBBCB82}.Ad-Hoc|iPhone.ActiveCfg = Debug|Any CPU
		{9ACCF340-B411-4032-88E1-4F39CEBBCB82}.Ad-Hoc|iPhone.Build.0 = Debug|Any CPU
		{9ACCF340-B411-4032-88E1-4F39CEBBCB82}.Ad-Hoc|iPhoneSimulator.ActiveCfg = Debug|Any CPU
		{9ACCF340-B411-4032-88E1-4F39CEBBCB82}.Ad-Hoc|iPhoneSimulator.Build.0 = Debug|Any CPU
		{9ACCF340-B411-4032-88E1-4F39CEBBCB82}.Ad-Hoc|x64.ActiveCfg = Debug|Any CPU
		{9ACCF340-B411-4032-88E1-4F39CEBBCB82}.Ad-Hoc|x64.Build.0 = Debug|Any CPU
		{9ACCF340-B411-4032-88E1-4F39CEBBCB82}.Ad-Hoc|x86.ActiveCfg = Debug|Any CPU
		{9ACCF340-B411-4032-88E1-4F39CEBBCB82}.Ad-Hoc|x86.Build.0 = Debug|Any CPU
		{9ACCF340-B411-4032-88E1-4F39CEBBCB82}.AppStore|Any CPU.ActiveCfg = Debug|Any CPU
		{9ACCF340-B411-4032-88E1-4F39CEBBCB82}.AppStore|Any CPU.Build.0 = Debug|Any CPU
		{9ACCF340-B411-4032-88E1-4F39CEBBCB82}.AppStore|ARM.ActiveCfg = Debug|Any CPU
		{9ACCF340-B411-4032-88E1-4F39CEBBCB82}.AppStore|ARM.Build.0 = Debug|Any CPU
		{9ACCF340-B411-4032-88E1-4F39CEBBCB82}.AppStore|iPhone.ActiveCfg = Debug|Any CPU
		{9ACCF340-B411-4032-88E1-4F39CEBBCB82}.AppStore|iPhone.Build.0 = Debug|Any CPU
		{9ACCF340-B411-4032-88E1-4F39CEBBCB82}.AppStore|iPhoneSimulator.ActiveCfg = Debug|Any CPU
		{9ACCF340-B411-4032-88E1-4F39CEBBCB82}.AppStore|iPhoneSimulator.Build.0 = Debug|Any CPU
		{9ACCF340-B411-4032-88E1-4F39CEBBCB82}.AppStore|x64.ActiveCfg = Debug|Any CPU
		{9ACCF340-B411-4032-88E1-4F39CEBBCB82}.AppStore|x64.Build.0 = Debug|Any CPU
		{9ACCF340-B411-4032-88E1-4F39CEBBCB82}.AppStore|x86.ActiveCfg = Debug|Any CPU
		{9ACCF340-B411-4032-88E1-4F39CEBBCB82}.AppStore|x86.Build.0 = Debug|Any CPU
		{9ACCF340-B411-4032-88E1-4F39CEBBCB82}.AppVeyor-Release|Any CPU.ActiveCfg = Release|Any CPU
		{9ACCF340-B411-4032-88E1-4F39CEBBCB82}.AppVeyor-Release|Any CPU.Build.0 = Release|Any CPU
		{9ACCF340-B411-4032-88E1-4F39CEBBCB82}.AppVeyor-Release|ARM.ActiveCfg = Release|Any CPU
		{9ACCF340-B411-4032-88E1-4F39CEBBCB82}.AppVeyor-Release|ARM.Build.0 = Release|Any CPU
		{9ACCF340-B411-4032-88E1-4F39CEBBCB82}.AppVeyor-Release|iPhone.ActiveCfg = Release|Any CPU
		{9ACCF340-B411-4032-88E1-4F39CEBBCB82}.AppVeyor-Release|iPhone.Build.0 = Release|Any CPU
		{9ACCF340-B411-4032-88E1-4F39CEBBCB82}.AppVeyor-Release|iPhoneSimulator.ActiveCfg = Release|Any CPU
		{9ACCF340-B411-4032-88E1-4F39CEBBCB82}.AppVeyor-Release|iPhoneSimulator.Build.0 = Release|Any CPU
		{9ACCF340-B411-4032-88E1-4F39CEBBCB82}.AppVeyor-Release|x64.ActiveCfg = Release|Any CPU
		{9ACCF340-B411-4032-88E1-4F39CEBBCB82}.AppVeyor-Release|x64.Build.0 = Release|Any CPU
		{9ACCF340-B411-4032-88E1-4F39CEBBCB82}.AppVeyor-Release|x86.ActiveCfg = Release|Any CPU
		{9ACCF340-B411-4032-88E1-4F39CEBBCB82}.AppVeyor-Release|x86.Build.0 = Release|Any CPU
		{9ACCF340-B411-4032-88E1-4F39CEBBCB82}.Debug|Any CPU.ActiveCfg = Debug|Any CPU
		{9ACCF340-B411-4032-88E1-4F39CEBBCB82}.Debug|Any CPU.Build.0 = Debug|Any CPU
		{9ACCF340-B411-4032-88E1-4F39CEBBCB82}.Debug|ARM.ActiveCfg = Debug|Any CPU
		{9ACCF340-B411-4032-88E1-4F39CEBBCB82}.Debug|ARM.Build.0 = Debug|Any CPU
		{9ACCF340-B411-4032-88E1-4F39CEBBCB82}.Debug|iPhone.ActiveCfg = Debug|Any CPU
		{9ACCF340-B411-4032-88E1-4F39CEBBCB82}.Debug|iPhone.Build.0 = Debug|Any CPU
		{9ACCF340-B411-4032-88E1-4F39CEBBCB82}.Debug|iPhoneSimulator.ActiveCfg = Debug|Any CPU
		{9ACCF340-B411-4032-88E1-4F39CEBBCB82}.Debug|iPhoneSimulator.Build.0 = Debug|Any CPU
		{9ACCF340-B411-4032-88E1-4F39CEBBCB82}.Debug|x64.ActiveCfg = Debug|Any CPU
		{9ACCF340-B411-4032-88E1-4F39CEBBCB82}.Debug|x64.Build.0 = Debug|Any CPU
		{9ACCF340-B411-4032-88E1-4F39CEBBCB82}.Debug|x86.ActiveCfg = Debug|Any CPU
		{9ACCF340-B411-4032-88E1-4F39CEBBCB82}.Debug|x86.Build.0 = Debug|Any CPU
		{9ACCF340-B411-4032-88E1-4F39CEBBCB82}.Release|Any CPU.ActiveCfg = Release|Any CPU
		{9ACCF340-B411-4032-88E1-4F39CEBBCB82}.Release|Any CPU.Build.0 = Release|Any CPU
		{9ACCF340-B411-4032-88E1-4F39CEBBCB82}.Release|ARM.ActiveCfg = Release|Any CPU
		{9ACCF340-B411-4032-88E1-4F39CEBBCB82}.Release|ARM.Build.0 = Release|Any CPU
		{9ACCF340-B411-4032-88E1-4F39CEBBCB82}.Release|iPhone.ActiveCfg = Release|Any CPU
		{9ACCF340-B411-4032-88E1-4F39CEBBCB82}.Release|iPhone.Build.0 = Release|Any CPU
		{9ACCF340-B411-4032-88E1-4F39CEBBCB82}.Release|iPhoneSimulator.ActiveCfg = Release|Any CPU
		{9ACCF340-B411-4032-88E1-4F39CEBBCB82}.Release|iPhoneSimulator.Build.0 = Release|Any CPU
		{9ACCF340-B411-4032-88E1-4F39CEBBCB82}.Release|x64.ActiveCfg = Release|Any CPU
		{9ACCF340-B411-4032-88E1-4F39CEBBCB82}.Release|x64.Build.0 = Release|Any CPU
		{9ACCF340-B411-4032-88E1-4F39CEBBCB82}.Release|x86.ActiveCfg = Release|Any CPU
		{9ACCF340-B411-4032-88E1-4F39CEBBCB82}.Release|x86.Build.0 = Release|Any CPU
		{9909E8D9-7FD6-4EE2-980B-6FBA3814F1EF}.Ad-Hoc|Any CPU.ActiveCfg = Debug|Any CPU
		{9909E8D9-7FD6-4EE2-980B-6FBA3814F1EF}.Ad-Hoc|Any CPU.Build.0 = Debug|Any CPU
		{9909E8D9-7FD6-4EE2-980B-6FBA3814F1EF}.Ad-Hoc|ARM.ActiveCfg = Debug|Any CPU
		{9909E8D9-7FD6-4EE2-980B-6FBA3814F1EF}.Ad-Hoc|ARM.Build.0 = Debug|Any CPU
		{9909E8D9-7FD6-4EE2-980B-6FBA3814F1EF}.Ad-Hoc|iPhone.ActiveCfg = Debug|Any CPU
		{9909E8D9-7FD6-4EE2-980B-6FBA3814F1EF}.Ad-Hoc|iPhone.Build.0 = Debug|Any CPU
		{9909E8D9-7FD6-4EE2-980B-6FBA3814F1EF}.Ad-Hoc|iPhoneSimulator.ActiveCfg = Debug|Any CPU
		{9909E8D9-7FD6-4EE2-980B-6FBA3814F1EF}.Ad-Hoc|iPhoneSimulator.Build.0 = Debug|Any CPU
		{9909E8D9-7FD6-4EE2-980B-6FBA3814F1EF}.Ad-Hoc|x64.ActiveCfg = Debug|Any CPU
		{9909E8D9-7FD6-4EE2-980B-6FBA3814F1EF}.Ad-Hoc|x64.Build.0 = Debug|Any CPU
		{9909E8D9-7FD6-4EE2-980B-6FBA3814F1EF}.Ad-Hoc|x86.ActiveCfg = Debug|Any CPU
		{9909E8D9-7FD6-4EE2-980B-6FBA3814F1EF}.Ad-Hoc|x86.Build.0 = Debug|Any CPU
		{9909E8D9-7FD6-4EE2-980B-6FBA3814F1EF}.AppStore|Any CPU.ActiveCfg = Debug|Any CPU
		{9909E8D9-7FD6-4EE2-980B-6FBA3814F1EF}.AppStore|Any CPU.Build.0 = Debug|Any CPU
		{9909E8D9-7FD6-4EE2-980B-6FBA3814F1EF}.AppStore|ARM.ActiveCfg = Debug|Any CPU
		{9909E8D9-7FD6-4EE2-980B-6FBA3814F1EF}.AppStore|ARM.Build.0 = Debug|Any CPU
		{9909E8D9-7FD6-4EE2-980B-6FBA3814F1EF}.AppStore|iPhone.ActiveCfg = Debug|Any CPU
		{9909E8D9-7FD6-4EE2-980B-6FBA3814F1EF}.AppStore|iPhone.Build.0 = Debug|Any CPU
		{9909E8D9-7FD6-4EE2-980B-6FBA3814F1EF}.AppStore|iPhoneSimulator.ActiveCfg = Debug|Any CPU
		{9909E8D9-7FD6-4EE2-980B-6FBA3814F1EF}.AppStore|iPhoneSimulator.Build.0 = Debug|Any CPU
		{9909E8D9-7FD6-4EE2-980B-6FBA3814F1EF}.AppStore|x64.ActiveCfg = Debug|Any CPU
		{9909E8D9-7FD6-4EE2-980B-6FBA3814F1EF}.AppStore|x64.Build.0 = Debug|Any CPU
		{9909E8D9-7FD6-4EE2-980B-6FBA3814F1EF}.AppStore|x86.ActiveCfg = Debug|Any CPU
		{9909E8D9-7FD6-4EE2-980B-6FBA3814F1EF}.AppStore|x86.Build.0 = Debug|Any CPU
		{9909E8D9-7FD6-4EE2-980B-6FBA3814F1EF}.AppVeyor-Release|Any CPU.ActiveCfg = Release|Any CPU
		{9909E8D9-7FD6-4EE2-980B-6FBA3814F1EF}.AppVeyor-Release|Any CPU.Build.0 = Release|Any CPU
		{9909E8D9-7FD6-4EE2-980B-6FBA3814F1EF}.AppVeyor-Release|ARM.ActiveCfg = Release|Any CPU
		{9909E8D9-7FD6-4EE2-980B-6FBA3814F1EF}.AppVeyor-Release|ARM.Build.0 = Release|Any CPU
		{9909E8D9-7FD6-4EE2-980B-6FBA3814F1EF}.AppVeyor-Release|iPhone.ActiveCfg = Release|Any CPU
		{9909E8D9-7FD6-4EE2-980B-6FBA3814F1EF}.AppVeyor-Release|iPhone.Build.0 = Release|Any CPU
		{9909E8D9-7FD6-4EE2-980B-6FBA3814F1EF}.AppVeyor-Release|iPhoneSimulator.ActiveCfg = Release|Any CPU
		{9909E8D9-7FD6-4EE2-980B-6FBA3814F1EF}.AppVeyor-Release|iPhoneSimulator.Build.0 = Release|Any CPU
		{9909E8D9-7FD6-4EE2-980B-6FBA3814F1EF}.AppVeyor-Release|x64.ActiveCfg = Release|Any CPU
		{9909E8D9-7FD6-4EE2-980B-6FBA3814F1EF}.AppVeyor-Release|x64.Build.0 = Release|Any CPU
		{9909E8D9-7FD6-4EE2-980B-6FBA3814F1EF}.AppVeyor-Release|x86.ActiveCfg = Release|Any CPU
		{9909E8D9-7FD6-4EE2-980B-6FBA3814F1EF}.AppVeyor-Release|x86.Build.0 = Release|Any CPU
		{9909E8D9-7FD6-4EE2-980B-6FBA3814F1EF}.Debug|Any CPU.ActiveCfg = Debug|Any CPU
		{9909E8D9-7FD6-4EE2-980B-6FBA3814F1EF}.Debug|Any CPU.Build.0 = Debug|Any CPU
		{9909E8D9-7FD6-4EE2-980B-6FBA3814F1EF}.Debug|ARM.ActiveCfg = Debug|Any CPU
		{9909E8D9-7FD6-4EE2-980B-6FBA3814F1EF}.Debug|ARM.Build.0 = Debug|Any CPU
		{9909E8D9-7FD6-4EE2-980B-6FBA3814F1EF}.Debug|iPhone.ActiveCfg = Debug|Any CPU
		{9909E8D9-7FD6-4EE2-980B-6FBA3814F1EF}.Debug|iPhone.Build.0 = Debug|Any CPU
		{9909E8D9-7FD6-4EE2-980B-6FBA3814F1EF}.Debug|iPhoneSimulator.ActiveCfg = Debug|Any CPU
		{9909E8D9-7FD6-4EE2-980B-6FBA3814F1EF}.Debug|iPhoneSimulator.Build.0 = Debug|Any CPU
		{9909E8D9-7FD6-4EE2-980B-6FBA3814F1EF}.Debug|x64.ActiveCfg = Debug|Any CPU
		{9909E8D9-7FD6-4EE2-980B-6FBA3814F1EF}.Debug|x64.Build.0 = Debug|Any CPU
		{9909E8D9-7FD6-4EE2-980B-6FBA3814F1EF}.Debug|x86.ActiveCfg = Debug|Any CPU
		{9909E8D9-7FD6-4EE2-980B-6FBA3814F1EF}.Debug|x86.Build.0 = Debug|Any CPU
		{9909E8D9-7FD6-4EE2-980B-6FBA3814F1EF}.Release|Any CPU.ActiveCfg = Release|Any CPU
		{9909E8D9-7FD6-4EE2-980B-6FBA3814F1EF}.Release|Any CPU.Build.0 = Release|Any CPU
		{9909E8D9-7FD6-4EE2-980B-6FBA3814F1EF}.Release|ARM.ActiveCfg = Release|Any CPU
		{9909E8D9-7FD6-4EE2-980B-6FBA3814F1EF}.Release|ARM.Build.0 = Release|Any CPU
		{9909E8D9-7FD6-4EE2-980B-6FBA3814F1EF}.Release|iPhone.ActiveCfg = Release|Any CPU
		{9909E8D9-7FD6-4EE2-980B-6FBA3814F1EF}.Release|iPhone.Build.0 = Release|Any CPU
		{9909E8D9-7FD6-4EE2-980B-6FBA3814F1EF}.Release|iPhoneSimulator.ActiveCfg = Release|Any CPU
		{9909E8D9-7FD6-4EE2-980B-6FBA3814F1EF}.Release|iPhoneSimulator.Build.0 = Release|Any CPU
		{9909E8D9-7FD6-4EE2-980B-6FBA3814F1EF}.Release|x64.ActiveCfg = Release|Any CPU
		{9909E8D9-7FD6-4EE2-980B-6FBA3814F1EF}.Release|x64.Build.0 = Release|Any CPU
		{9909E8D9-7FD6-4EE2-980B-6FBA3814F1EF}.Release|x86.ActiveCfg = Release|Any CPU
		{9909E8D9-7FD6-4EE2-980B-6FBA3814F1EF}.Release|x86.Build.0 = Release|Any CPU
		{D49B6B02-367F-4EE2-B15B-E6A7B6CD6C1F}.Ad-Hoc|Any CPU.ActiveCfg = Debug|Any CPU
		{D49B6B02-367F-4EE2-B15B-E6A7B6CD6C1F}.Ad-Hoc|Any CPU.Build.0 = Debug|Any CPU
		{D49B6B02-367F-4EE2-B15B-E6A7B6CD6C1F}.Ad-Hoc|ARM.ActiveCfg = Debug|Any CPU
		{D49B6B02-367F-4EE2-B15B-E6A7B6CD6C1F}.Ad-Hoc|ARM.Build.0 = Debug|Any CPU
		{D49B6B02-367F-4EE2-B15B-E6A7B6CD6C1F}.Ad-Hoc|iPhone.ActiveCfg = Debug|Any CPU
		{D49B6B02-367F-4EE2-B15B-E6A7B6CD6C1F}.Ad-Hoc|iPhone.Build.0 = Debug|Any CPU
		{D49B6B02-367F-4EE2-B15B-E6A7B6CD6C1F}.Ad-Hoc|iPhoneSimulator.ActiveCfg = Debug|Any CPU
		{D49B6B02-367F-4EE2-B15B-E6A7B6CD6C1F}.Ad-Hoc|iPhoneSimulator.Build.0 = Debug|Any CPU
		{D49B6B02-367F-4EE2-B15B-E6A7B6CD6C1F}.Ad-Hoc|x64.ActiveCfg = Debug|Any CPU
		{D49B6B02-367F-4EE2-B15B-E6A7B6CD6C1F}.Ad-Hoc|x64.Build.0 = Debug|Any CPU
		{D49B6B02-367F-4EE2-B15B-E6A7B6CD6C1F}.Ad-Hoc|x86.ActiveCfg = Debug|Any CPU
		{D49B6B02-367F-4EE2-B15B-E6A7B6CD6C1F}.Ad-Hoc|x86.Build.0 = Debug|Any CPU
		{D49B6B02-367F-4EE2-B15B-E6A7B6CD6C1F}.AppStore|Any CPU.ActiveCfg = Debug|Any CPU
		{D49B6B02-367F-4EE2-B15B-E6A7B6CD6C1F}.AppStore|Any CPU.Build.0 = Debug|Any CPU
		{D49B6B02-367F-4EE2-B15B-E6A7B6CD6C1F}.AppStore|ARM.ActiveCfg = Debug|Any CPU
		{D49B6B02-367F-4EE2-B15B-E6A7B6CD6C1F}.AppStore|ARM.Build.0 = Debug|Any CPU
		{D49B6B02-367F-4EE2-B15B-E6A7B6CD6C1F}.AppStore|iPhone.ActiveCfg = Debug|Any CPU
		{D49B6B02-367F-4EE2-B15B-E6A7B6CD6C1F}.AppStore|iPhone.Build.0 = Debug|Any CPU
		{D49B6B02-367F-4EE2-B15B-E6A7B6CD6C1F}.AppStore|iPhoneSimulator.ActiveCfg = Debug|Any CPU
		{D49B6B02-367F-4EE2-B15B-E6A7B6CD6C1F}.AppStore|iPhoneSimulator.Build.0 = Debug|Any CPU
		{D49B6B02-367F-4EE2-B15B-E6A7B6CD6C1F}.AppStore|x64.ActiveCfg = Debug|Any CPU
		{D49B6B02-367F-4EE2-B15B-E6A7B6CD6C1F}.AppStore|x64.Build.0 = Debug|Any CPU
		{D49B6B02-367F-4EE2-B15B-E6A7B6CD6C1F}.AppStore|x86.ActiveCfg = Debug|Any CPU
		{D49B6B02-367F-4EE2-B15B-E6A7B6CD6C1F}.AppStore|x86.Build.0 = Debug|Any CPU
		{D49B6B02-367F-4EE2-B15B-E6A7B6CD6C1F}.AppVeyor-Release|Any CPU.ActiveCfg = Release|Any CPU
		{D49B6B02-367F-4EE2-B15B-E6A7B6CD6C1F}.AppVeyor-Release|Any CPU.Build.0 = Release|Any CPU
		{D49B6B02-367F-4EE2-B15B-E6A7B6CD6C1F}.AppVeyor-Release|ARM.ActiveCfg = Release|Any CPU
		{D49B6B02-367F-4EE2-B15B-E6A7B6CD6C1F}.AppVeyor-Release|ARM.Build.0 = Release|Any CPU
		{D49B6B02-367F-4EE2-B15B-E6A7B6CD6C1F}.AppVeyor-Release|iPhone.ActiveCfg = Release|Any CPU
		{D49B6B02-367F-4EE2-B15B-E6A7B6CD6C1F}.AppVeyor-Release|iPhone.Build.0 = Release|Any CPU
		{D49B6B02-367F-4EE2-B15B-E6A7B6CD6C1F}.AppVeyor-Release|iPhoneSimulator.ActiveCfg = Release|Any CPU
		{D49B6B02-367F-4EE2-B15B-E6A7B6CD6C1F}.AppVeyor-Release|iPhoneSimulator.Build.0 = Release|Any CPU
		{D49B6B02-367F-4EE2-B15B-E6A7B6CD6C1F}.AppVeyor-Release|x64.ActiveCfg = Release|Any CPU
		{D49B6B02-367F-4EE2-B15B-E6A7B6CD6C1F}.AppVeyor-Release|x64.Build.0 = Release|Any CPU
		{D49B6B02-367F-4EE2-B15B-E6A7B6CD6C1F}.AppVeyor-Release|x86.ActiveCfg = Release|Any CPU
		{D49B6B02-367F-4EE2-B15B-E6A7B6CD6C1F}.AppVeyor-Release|x86.Build.0 = Release|Any CPU
		{D49B6B02-367F-4EE2-B15B-E6A7B6CD6C1F}.Debug|Any CPU.ActiveCfg = Debug|Any CPU
		{D49B6B02-367F-4EE2-B15B-E6A7B6CD6C1F}.Debug|Any CPU.Build.0 = Debug|Any CPU
		{D49B6B02-367F-4EE2-B15B-E6A7B6CD6C1F}.Debug|ARM.ActiveCfg = Debug|Any CPU
		{D49B6B02-367F-4EE2-B15B-E6A7B6CD6C1F}.Debug|ARM.Build.0 = Debug|Any CPU
		{D49B6B02-367F-4EE2-B15B-E6A7B6CD6C1F}.Debug|iPhone.ActiveCfg = Debug|Any CPU
		{D49B6B02-367F-4EE2-B15B-E6A7B6CD6C1F}.Debug|iPhone.Build.0 = Debug|Any CPU
		{D49B6B02-367F-4EE2-B15B-E6A7B6CD6C1F}.Debug|iPhoneSimulator.ActiveCfg = Debug|Any CPU
		{D49B6B02-367F-4EE2-B15B-E6A7B6CD6C1F}.Debug|iPhoneSimulator.Build.0 = Debug|Any CPU
		{D49B6B02-367F-4EE2-B15B-E6A7B6CD6C1F}.Debug|x64.ActiveCfg = Debug|Any CPU
		{D49B6B02-367F-4EE2-B15B-E6A7B6CD6C1F}.Debug|x64.Build.0 = Debug|Any CPU
		{D49B6B02-367F-4EE2-B15B-E6A7B6CD6C1F}.Debug|x86.ActiveCfg = Debug|Any CPU
		{D49B6B02-367F-4EE2-B15B-E6A7B6CD6C1F}.Debug|x86.Build.0 = Debug|Any CPU
		{D49B6B02-367F-4EE2-B15B-E6A7B6CD6C1F}.Release|Any CPU.ActiveCfg = Release|Any CPU
		{D49B6B02-367F-4EE2-B15B-E6A7B6CD6C1F}.Release|Any CPU.Build.0 = Release|Any CPU
		{D49B6B02-367F-4EE2-B15B-E6A7B6CD6C1F}.Release|ARM.ActiveCfg = Release|Any CPU
		{D49B6B02-367F-4EE2-B15B-E6A7B6CD6C1F}.Release|ARM.Build.0 = Release|Any CPU
		{D49B6B02-367F-4EE2-B15B-E6A7B6CD6C1F}.Release|iPhone.ActiveCfg = Release|Any CPU
		{D49B6B02-367F-4EE2-B15B-E6A7B6CD6C1F}.Release|iPhone.Build.0 = Release|Any CPU
		{D49B6B02-367F-4EE2-B15B-E6A7B6CD6C1F}.Release|iPhoneSimulator.ActiveCfg = Release|Any CPU
		{D49B6B02-367F-4EE2-B15B-E6A7B6CD6C1F}.Release|iPhoneSimulator.Build.0 = Release|Any CPU
		{D49B6B02-367F-4EE2-B15B-E6A7B6CD6C1F}.Release|x64.ActiveCfg = Release|Any CPU
		{D49B6B02-367F-4EE2-B15B-E6A7B6CD6C1F}.Release|x64.Build.0 = Release|Any CPU
		{D49B6B02-367F-4EE2-B15B-E6A7B6CD6C1F}.Release|x86.ActiveCfg = Release|Any CPU
		{D49B6B02-367F-4EE2-B15B-E6A7B6CD6C1F}.Release|x86.Build.0 = Release|Any CPU
		{AB2B7D3E-5346-48A3-A53D-9E1E77242BB1}.Ad-Hoc|Any CPU.ActiveCfg = Debug|Any CPU
		{AB2B7D3E-5346-48A3-A53D-9E1E77242BB1}.Ad-Hoc|Any CPU.Build.0 = Debug|Any CPU
		{AB2B7D3E-5346-48A3-A53D-9E1E77242BB1}.Ad-Hoc|ARM.ActiveCfg = Debug|Any CPU
		{AB2B7D3E-5346-48A3-A53D-9E1E77242BB1}.Ad-Hoc|ARM.Build.0 = Debug|Any CPU
		{AB2B7D3E-5346-48A3-A53D-9E1E77242BB1}.Ad-Hoc|iPhone.ActiveCfg = Debug|Any CPU
		{AB2B7D3E-5346-48A3-A53D-9E1E77242BB1}.Ad-Hoc|iPhone.Build.0 = Debug|Any CPU
		{AB2B7D3E-5346-48A3-A53D-9E1E77242BB1}.Ad-Hoc|iPhoneSimulator.ActiveCfg = Debug|Any CPU
		{AB2B7D3E-5346-48A3-A53D-9E1E77242BB1}.Ad-Hoc|iPhoneSimulator.Build.0 = Debug|Any CPU
		{AB2B7D3E-5346-48A3-A53D-9E1E77242BB1}.Ad-Hoc|x64.ActiveCfg = Debug|Any CPU
		{AB2B7D3E-5346-48A3-A53D-9E1E77242BB1}.Ad-Hoc|x64.Build.0 = Debug|Any CPU
		{AB2B7D3E-5346-48A3-A53D-9E1E77242BB1}.Ad-Hoc|x86.ActiveCfg = Debug|Any CPU
		{AB2B7D3E-5346-48A3-A53D-9E1E77242BB1}.Ad-Hoc|x86.Build.0 = Debug|Any CPU
		{AB2B7D3E-5346-48A3-A53D-9E1E77242BB1}.AppStore|Any CPU.ActiveCfg = Debug|Any CPU
		{AB2B7D3E-5346-48A3-A53D-9E1E77242BB1}.AppStore|Any CPU.Build.0 = Debug|Any CPU
		{AB2B7D3E-5346-48A3-A53D-9E1E77242BB1}.AppStore|ARM.ActiveCfg = Debug|Any CPU
		{AB2B7D3E-5346-48A3-A53D-9E1E77242BB1}.AppStore|ARM.Build.0 = Debug|Any CPU
		{AB2B7D3E-5346-48A3-A53D-9E1E77242BB1}.AppStore|iPhone.ActiveCfg = Debug|Any CPU
		{AB2B7D3E-5346-48A3-A53D-9E1E77242BB1}.AppStore|iPhone.Build.0 = Debug|Any CPU
		{AB2B7D3E-5346-48A3-A53D-9E1E77242BB1}.AppStore|iPhoneSimulator.ActiveCfg = Debug|Any CPU
		{AB2B7D3E-5346-48A3-A53D-9E1E77242BB1}.AppStore|iPhoneSimulator.Build.0 = Debug|Any CPU
		{AB2B7D3E-5346-48A3-A53D-9E1E77242BB1}.AppStore|x64.ActiveCfg = Debug|Any CPU
		{AB2B7D3E-5346-48A3-A53D-9E1E77242BB1}.AppStore|x64.Build.0 = Debug|Any CPU
		{AB2B7D3E-5346-48A3-A53D-9E1E77242BB1}.AppStore|x86.ActiveCfg = Debug|Any CPU
		{AB2B7D3E-5346-48A3-A53D-9E1E77242BB1}.AppStore|x86.Build.0 = Debug|Any CPU
		{AB2B7D3E-5346-48A3-A53D-9E1E77242BB1}.AppVeyor-Release|Any CPU.ActiveCfg = Release|Any CPU
		{AB2B7D3E-5346-48A3-A53D-9E1E77242BB1}.AppVeyor-Release|Any CPU.Build.0 = Release|Any CPU
		{AB2B7D3E-5346-48A3-A53D-9E1E77242BB1}.AppVeyor-Release|ARM.ActiveCfg = Release|Any CPU
		{AB2B7D3E-5346-48A3-A53D-9E1E77242BB1}.AppVeyor-Release|ARM.Build.0 = Release|Any CPU
		{AB2B7D3E-5346-48A3-A53D-9E1E77242BB1}.AppVeyor-Release|iPhone.ActiveCfg = Release|Any CPU
		{AB2B7D3E-5346-48A3-A53D-9E1E77242BB1}.AppVeyor-Release|iPhone.Build.0 = Release|Any CPU
		{AB2B7D3E-5346-48A3-A53D-9E1E77242BB1}.AppVeyor-Release|iPhoneSimulator.ActiveCfg = Release|Any CPU
		{AB2B7D3E-5346-48A3-A53D-9E1E77242BB1}.AppVeyor-Release|iPhoneSimulator.Build.0 = Release|Any CPU
		{AB2B7D3E-5346-48A3-A53D-9E1E77242BB1}.AppVeyor-Release|x64.ActiveCfg = Release|Any CPU
		{AB2B7D3E-5346-48A3-A53D-9E1E77242BB1}.AppVeyor-Release|x64.Build.0 = Release|Any CPU
		{AB2B7D3E-5346-48A3-A53D-9E1E77242BB1}.AppVeyor-Release|x86.ActiveCfg = Release|Any CPU
		{AB2B7D3E-5346-48A3-A53D-9E1E77242BB1}.AppVeyor-Release|x86.Build.0 = Release|Any CPU
		{AB2B7D3E-5346-48A3-A53D-9E1E77242BB1}.Debug|Any CPU.ActiveCfg = Debug|Any CPU
		{AB2B7D3E-5346-48A3-A53D-9E1E77242BB1}.Debug|Any CPU.Build.0 = Debug|Any CPU
		{AB2B7D3E-5346-48A3-A53D-9E1E77242BB1}.Debug|ARM.ActiveCfg = Debug|Any CPU
		{AB2B7D3E-5346-48A3-A53D-9E1E77242BB1}.Debug|ARM.Build.0 = Debug|Any CPU
		{AB2B7D3E-5346-48A3-A53D-9E1E77242BB1}.Debug|iPhone.ActiveCfg = Debug|Any CPU
		{AB2B7D3E-5346-48A3-A53D-9E1E77242BB1}.Debug|iPhone.Build.0 = Debug|Any CPU
		{AB2B7D3E-5346-48A3-A53D-9E1E77242BB1}.Debug|iPhoneSimulator.ActiveCfg = Debug|Any CPU
		{AB2B7D3E-5346-48A3-A53D-9E1E77242BB1}.Debug|iPhoneSimulator.Build.0 = Debug|Any CPU
		{AB2B7D3E-5346-48A3-A53D-9E1E77242BB1}.Debug|x64.ActiveCfg = Debug|Any CPU
		{AB2B7D3E-5346-48A3-A53D-9E1E77242BB1}.Debug|x64.Build.0 = Debug|Any CPU
		{AB2B7D3E-5346-48A3-A53D-9E1E77242BB1}.Debug|x86.ActiveCfg = Debug|Any CPU
		{AB2B7D3E-5346-48A3-A53D-9E1E77242BB1}.Debug|x86.Build.0 = Debug|Any CPU
		{AB2B7D3E-5346-48A3-A53D-9E1E77242BB1}.Release|Any CPU.ActiveCfg = Release|Any CPU
		{AB2B7D3E-5346-48A3-A53D-9E1E77242BB1}.Release|Any CPU.Build.0 = Release|Any CPU
		{AB2B7D3E-5346-48A3-A53D-9E1E77242BB1}.Release|ARM.ActiveCfg = Release|Any CPU
		{AB2B7D3E-5346-48A3-A53D-9E1E77242BB1}.Release|ARM.Build.0 = Release|Any CPU
		{AB2B7D3E-5346-48A3-A53D-9E1E77242BB1}.Release|iPhone.ActiveCfg = Release|Any CPU
		{AB2B7D3E-5346-48A3-A53D-9E1E77242BB1}.Release|iPhone.Build.0 = Release|Any CPU
		{AB2B7D3E-5346-48A3-A53D-9E1E77242BB1}.Release|iPhoneSimulator.ActiveCfg = Release|Any CPU
		{AB2B7D3E-5346-48A3-A53D-9E1E77242BB1}.Release|iPhoneSimulator.Build.0 = Release|Any CPU
		{AB2B7D3E-5346-48A3-A53D-9E1E77242BB1}.Release|x64.ActiveCfg = Release|Any CPU
		{AB2B7D3E-5346-48A3-A53D-9E1E77242BB1}.Release|x64.Build.0 = Release|Any CPU
		{AB2B7D3E-5346-48A3-A53D-9E1E77242BB1}.Release|x86.ActiveCfg = Release|Any CPU
		{AB2B7D3E-5346-48A3-A53D-9E1E77242BB1}.Release|x86.Build.0 = Release|Any CPU
	EndGlobalSection
	GlobalSection(SolutionProperties) = preSolution
		HideSolutionNode = FALSE
	EndGlobalSection
	GlobalSection(NestedProjects) = preSolution
		{A4CE2911-FA3E-4B04-8B91-CB0D1B26AB1B} = {753DB665-395C-4AB8-98CC-385D262F25F9}
		{13B2D7EB-642A-46FD-840E-C48E070033C6} = {753DB665-395C-4AB8-98CC-385D262F25F9}
		{45EF5995-6FF7-40C1-A32A-BDDF57316133} = {753DB665-395C-4AB8-98CC-385D262F25F9}
		{386FA3FD-2265-4AF9-875E-CD3D46112343} = {C5A00C75-FFA5-48D9-892F-EFE0FCE3787F}
		{9ACCF340-B411-4032-88E1-4F39CEBBCB82} = {C5A00C75-FFA5-48D9-892F-EFE0FCE3787F}
		{9909E8D9-7FD6-4EE2-980B-6FBA3814F1EF} = {C5A00C75-FFA5-48D9-892F-EFE0FCE3787F}
		{D49B6B02-367F-4EE2-B15B-E6A7B6CD6C1F} = {C5A00C75-FFA5-48D9-892F-EFE0FCE3787F}
		{AB2B7D3E-5346-48A3-A53D-9E1E77242BB1} = {753DB665-395C-4AB8-98CC-385D262F25F9}
	EndGlobalSection
	GlobalSection(ExtensibilityGlobals) = postSolution
		SolutionGuid = {9F0500B5-239C-41C5-85E5-1E0F8D4FB273}
	EndGlobalSection
EndGlobal
