
Microsoft Visual Studio Solution File, Format Version 12.00
# Visual Studio 14
VisualStudioVersion = 14.0.25420.1
MinimumVisualStudioVersion = 10.0.40219.1
Project("{FAE04EC0-301F-11D3-BF4B-00C04F79EFBC}") = "MVPathway", "MVPathway\MVPathway.csproj", "{67F9D3A8-F71E-4428-913F-C37AE82CDB24}"
EndProject
Project("{FAE04EC0-301F-11D3-BF4B-00C04F79EFBC}") = "MVPathway.Utils", "MVPathway.Utils\MVPathway.Utils.csproj", "{94CA7246-1361-4D10-B8E3-458B3EA5A4DD}"
EndProject
Project("{2150E333-8FDC-42A3-9474-1A3956D46DE8}") = "Integration", "Integration", "{753DB665-395C-4AB8-98CC-385D262F25F9}"
EndProject
Project("{FAE04EC0-301F-11D3-BF4B-00C04F79EFBC}") = "MVPathway.Integration.Droid", "MVPathway.Integration\MVPathway.Integration.Droid\MVPathway.Integration.Droid.csproj", "{4931FB28-3E47-484C-B8B2-797A0C67D1AB}"
EndProject
Project("{FAE04EC0-301F-11D3-BF4B-00C04F79EFBC}") = "MVPathway.Integration.iOS", "MVPathway.Integration\MVPathway.Integration.iOS\MVPathway.Integration.iOS.csproj", "{13B2D7EB-642A-46FD-840E-C48E070033C6}"
EndProject
Project("{FAE04EC0-301F-11D3-BF4B-00C04F79EFBC}") = "MVPathway.Integration.UWP", "MVPathway.Integration\MVPathway.Integration.UWP\MVPathway.Integration.UWP.csproj", "{45EF5995-6FF7-40C1-A32A-BDDF57316133}"
EndProject
Project("{FAE04EC0-301F-11D3-BF4B-00C04F79EFBC}") = "MVPathway.Integration", "MVPathway.Integration\MVPathway.Integration\MVPathway.Integration.csproj", "{D7A011A3-04BB-4984-9D9D-4B6DCEEB2449}"
EndProject
Project("{2150E333-8FDC-42A3-9474-1A3956D46DE8}") = "Framework", "Framework", "{C5A00C75-FFA5-48D9-892F-EFE0FCE3787F}"
EndProject
Global
	GlobalSection(SolutionConfigurationPlatforms) = preSolution
		Ad-Hoc|Any CPU = Ad-Hoc|Any CPU
		Ad-Hoc|ARM = Ad-Hoc|ARM
		Ad-Hoc|iPhone = Ad-Hoc|iPhone
		Ad-Hoc|iPhoneSimulator = Ad-Hoc|iPhoneSimulator
		Ad-Hoc|x64 = Ad-Hoc|x64
		Ad-Hoc|x86 = Ad-Hoc|x86
		AppStore|Any CPU = AppStore|Any CPU
		AppStore|ARM = AppStore|ARM
		AppStore|iPhone = AppStore|iPhone
		AppStore|iPhoneSimulator = AppStore|iPhoneSimulator
		AppStore|x64 = AppStore|x64
		AppStore|x86 = AppStore|x86
		Debug|Any CPU = Debug|Any CPU
		Debug|ARM = Debug|ARM
		Debug|iPhone = Debug|iPhone
		Debug|iPhoneSimulator = Debug|iPhoneSimulator
		Debug|x64 = Debug|x64
		Debug|x86 = Debug|x86
		Release|Any CPU = Release|Any CPU
		Release|ARM = Release|ARM
		Release|iPhone = Release|iPhone
		Release|iPhoneSimulator = Release|iPhoneSimulator
		Release|x64 = Release|x64
		Release|x86 = Release|x86
	EndGlobalSection
	GlobalSection(ProjectConfigurationPlatforms) = postSolution
		{67F9D3A8-F71E-4428-913F-C37AE82CDB24}.Ad-Hoc|Any CPU.ActiveCfg = Release|Any CPU
		{67F9D3A8-F71E-4428-913F-C37AE82CDB24}.Ad-Hoc|Any CPU.Build.0 = Release|Any CPU
		{67F9D3A8-F71E-4428-913F-C37AE82CDB24}.Ad-Hoc|ARM.ActiveCfg = Release|Any CPU
		{67F9D3A8-F71E-4428-913F-C37AE82CDB24}.Ad-Hoc|ARM.Build.0 = Release|Any CPU
		{67F9D3A8-F71E-4428-913F-C37AE82CDB24}.Ad-Hoc|iPhone.ActiveCfg = Release|Any CPU
		{67F9D3A8-F71E-4428-913F-C37AE82CDB24}.Ad-Hoc|iPhone.Build.0 = Release|Any CPU
		{67F9D3A8-F71E-4428-913F-C37AE82CDB24}.Ad-Hoc|iPhoneSimulator.ActiveCfg = Release|Any CPU
		{67F9D3A8-F71E-4428-913F-C37AE82CDB24}.Ad-Hoc|iPhoneSimulator.Build.0 = Release|Any CPU
		{67F9D3A8-F71E-4428-913F-C37AE82CDB24}.Ad-Hoc|x64.ActiveCfg = Release|Any CPU
		{67F9D3A8-F71E-4428-913F-C37AE82CDB24}.Ad-Hoc|x64.Build.0 = Release|Any CPU
		{67F9D3A8-F71E-4428-913F-C37AE82CDB24}.Ad-Hoc|x86.ActiveCfg = Release|Any CPU
		{67F9D3A8-F71E-4428-913F-C37AE82CDB24}.Ad-Hoc|x86.Build.0 = Release|Any CPU
		{67F9D3A8-F71E-4428-913F-C37AE82CDB24}.AppStore|Any CPU.ActiveCfg = Release|Any CPU
		{67F9D3A8-F71E-4428-913F-C37AE82CDB24}.AppStore|Any CPU.Build.0 = Release|Any CPU
		{67F9D3A8-F71E-4428-913F-C37AE82CDB24}.AppStore|ARM.ActiveCfg = Release|Any CPU
		{67F9D3A8-F71E-4428-913F-C37AE82CDB24}.AppStore|ARM.Build.0 = Release|Any CPU
		{67F9D3A8-F71E-4428-913F-C37AE82CDB24}.AppStore|iPhone.ActiveCfg = Release|Any CPU
		{67F9D3A8-F71E-4428-913F-C37AE82CDB24}.AppStore|iPhone.Build.0 = Release|Any CPU
		{67F9D3A8-F71E-4428-913F-C37AE82CDB24}.AppStore|iPhoneSimulator.ActiveCfg = Release|Any CPU
		{67F9D3A8-F71E-4428-913F-C37AE82CDB24}.AppStore|iPhoneSimulator.Build.0 = Release|Any CPU
		{67F9D3A8-F71E-4428-913F-C37AE82CDB24}.AppStore|x64.ActiveCfg = Release|Any CPU
		{67F9D3A8-F71E-4428-913F-C37AE82CDB24}.AppStore|x64.Build.0 = Release|Any CPU
		{67F9D3A8-F71E-4428-913F-C37AE82CDB24}.AppStore|x86.ActiveCfg = Release|Any CPU
		{67F9D3A8-F71E-4428-913F-C37AE82CDB24}.AppStore|x86.Build.0 = Release|Any CPU
		{67F9D3A8-F71E-4428-913F-C37AE82CDB24}.Debug|Any CPU.ActiveCfg = Debug|Any CPU
		{67F9D3A8-F71E-4428-913F-C37AE82CDB24}.Debug|Any CPU.Build.0 = Debug|Any CPU
		{67F9D3A8-F71E-4428-913F-C37AE82CDB24}.Debug|ARM.ActiveCfg = Debug|Any CPU
		{67F9D3A8-F71E-4428-913F-C37AE82CDB24}.Debug|ARM.Build.0 = Debug|Any CPU
		{67F9D3A8-F71E-4428-913F-C37AE82CDB24}.Debug|iPhone.ActiveCfg = Debug|Any CPU
		{67F9D3A8-F71E-4428-913F-C37AE82CDB24}.Debug|iPhone.Build.0 = Debug|Any CPU
		{67F9D3A8-F71E-4428-913F-C37AE82CDB24}.Debug|iPhoneSimulator.ActiveCfg = Debug|Any CPU
		{67F9D3A8-F71E-4428-913F-C37AE82CDB24}.Debug|iPhoneSimulator.Build.0 = Debug|Any CPU
		{67F9D3A8-F71E-4428-913F-C37AE82CDB24}.Debug|x64.ActiveCfg = Debug|Any CPU
		{67F9D3A8-F71E-4428-913F-C37AE82CDB24}.Debug|x64.Build.0 = Debug|Any CPU
		{67F9D3A8-F71E-4428-913F-C37AE82CDB24}.Debug|x86.ActiveCfg = Debug|Any CPU
		{67F9D3A8-F71E-4428-913F-C37AE82CDB24}.Debug|x86.Build.0 = Debug|Any CPU
		{67F9D3A8-F71E-4428-913F-C37AE82CDB24}.Release|Any CPU.ActiveCfg = Release|Any CPU
		{67F9D3A8-F71E-4428-913F-C37AE82CDB24}.Release|Any CPU.Build.0 = Release|Any CPU
		{67F9D3A8-F71E-4428-913F-C37AE82CDB24}.Release|ARM.ActiveCfg = Release|Any CPU
		{67F9D3A8-F71E-4428-913F-C37AE82CDB24}.Release|ARM.Build.0 = Release|Any CPU
		{67F9D3A8-F71E-4428-913F-C37AE82CDB24}.Release|iPhone.ActiveCfg = Release|Any CPU
		{67F9D3A8-F71E-4428-913F-C37AE82CDB24}.Release|iPhone.Build.0 = Release|Any CPU
		{67F9D3A8-F71E-4428-913F-C37AE82CDB24}.Release|iPhoneSimulator.ActiveCfg = Release|Any CPU
		{67F9D3A8-F71E-4428-913F-C37AE82CDB24}.Release|iPhoneSimulator.Build.0 = Release|Any CPU
		{67F9D3A8-F71E-4428-913F-C37AE82CDB24}.Release|x64.ActiveCfg = Release|Any CPU
		{67F9D3A8-F71E-4428-913F-C37AE82CDB24}.Release|x64.Build.0 = Release|Any CPU
		{67F9D3A8-F71E-4428-913F-C37AE82CDB24}.Release|x86.ActiveCfg = Release|Any CPU
		{67F9D3A8-F71E-4428-913F-C37AE82CDB24}.Release|x86.Build.0 = Release|Any CPU
		{94CA7246-1361-4D10-B8E3-458B3EA5A4DD}.Ad-Hoc|Any CPU.ActiveCfg = Release|Any CPU
		{94CA7246-1361-4D10-B8E3-458B3EA5A4DD}.Ad-Hoc|Any CPU.Build.0 = Release|Any CPU
		{94CA7246-1361-4D10-B8E3-458B3EA5A4DD}.Ad-Hoc|ARM.ActiveCfg = Release|Any CPU
		{94CA7246-1361-4D10-B8E3-458B3EA5A4DD}.Ad-Hoc|ARM.Build.0 = Release|Any CPU
		{94CA7246-1361-4D10-B8E3-458B3EA5A4DD}.Ad-Hoc|iPhone.ActiveCfg = Release|Any CPU
		{94CA7246-1361-4D10-B8E3-458B3EA5A4DD}.Ad-Hoc|iPhone.Build.0 = Release|Any CPU
		{94CA7246-1361-4D10-B8E3-458B3EA5A4DD}.Ad-Hoc|iPhoneSimulator.ActiveCfg = Release|Any CPU
		{94CA7246-1361-4D10-B8E3-458B3EA5A4DD}.Ad-Hoc|iPhoneSimulator.Build.0 = Release|Any CPU
		{94CA7246-1361-4D10-B8E3-458B3EA5A4DD}.Ad-Hoc|x64.ActiveCfg = Release|Any CPU
		{94CA7246-1361-4D10-B8E3-458B3EA5A4DD}.Ad-Hoc|x64.Build.0 = Release|Any CPU
		{94CA7246-1361-4D10-B8E3-458B3EA5A4DD}.Ad-Hoc|x86.ActiveCfg = Release|Any CPU
		{94CA7246-1361-4D10-B8E3-458B3EA5A4DD}.Ad-Hoc|x86.Build.0 = Release|Any CPU
		{94CA7246-1361-4D10-B8E3-458B3EA5A4DD}.AppStore|Any CPU.ActiveCfg = Release|Any CPU
		{94CA7246-1361-4D10-B8E3-458B3EA5A4DD}.AppStore|Any CPU.Build.0 = Release|Any CPU
		{94CA7246-1361-4D10-B8E3-458B3EA5A4DD}.AppStore|ARM.ActiveCfg = Release|Any CPU
		{94CA7246-1361-4D10-B8E3-458B3EA5A4DD}.AppStore|ARM.Build.0 = Release|Any CPU
		{94CA7246-1361-4D10-B8E3-458B3EA5A4DD}.AppStore|iPhone.ActiveCfg = Release|Any CPU
		{94CA7246-1361-4D10-B8E3-458B3EA5A4DD}.AppStore|iPhone.Build.0 = Release|Any CPU
		{94CA7246-1361-4D10-B8E3-458B3EA5A4DD}.AppStore|iPhoneSimulator.ActiveCfg = Release|Any CPU
		{94CA7246-1361-4D10-B8E3-458B3EA5A4DD}.AppStore|iPhoneSimulator.Build.0 = Release|Any CPU
		{94CA7246-1361-4D10-B8E3-458B3EA5A4DD}.AppStore|x64.ActiveCfg = Release|Any CPU
		{94CA7246-1361-4D10-B8E3-458B3EA5A4DD}.AppStore|x64.Build.0 = Release|Any CPU
		{94CA7246-1361-4D10-B8E3-458B3EA5A4DD}.AppStore|x86.ActiveCfg = Release|Any CPU
		{94CA7246-1361-4D10-B8E3-458B3EA5A4DD}.AppStore|x86.Build.0 = Release|Any CPU
		{94CA7246-1361-4D10-B8E3-458B3EA5A4DD}.Debug|Any CPU.ActiveCfg = Debug|Any CPU
		{94CA7246-1361-4D10-B8E3-458B3EA5A4DD}.Debug|Any CPU.Build.0 = Debug|Any CPU
		{94CA7246-1361-4D10-B8E3-458B3EA5A4DD}.Debug|ARM.ActiveCfg = Debug|Any CPU
		{94CA7246-1361-4D10-B8E3-458B3EA5A4DD}.Debug|ARM.Build.0 = Debug|Any CPU
		{94CA7246-1361-4D10-B8E3-458B3EA5A4DD}.Debug|iPhone.ActiveCfg = Debug|Any CPU
		{94CA7246-1361-4D10-B8E3-458B3EA5A4DD}.Debug|iPhone.Build.0 = Debug|Any CPU
		{94CA7246-1361-4D10-B8E3-458B3EA5A4DD}.Debug|iPhoneSimulator.ActiveCfg = Debug|Any CPU
		{94CA7246-1361-4D10-B8E3-458B3EA5A4DD}.Debug|iPhoneSimulator.Build.0 = Debug|Any CPU
		{94CA7246-1361-4D10-B8E3-458B3EA5A4DD}.Debug|x64.ActiveCfg = Debug|Any CPU
		{94CA7246-1361-4D10-B8E3-458B3EA5A4DD}.Debug|x64.Build.0 = Debug|Any CPU
		{94CA7246-1361-4D10-B8E3-458B3EA5A4DD}.Debug|x86.ActiveCfg = Debug|Any CPU
		{94CA7246-1361-4D10-B8E3-458B3EA5A4DD}.Debug|x86.Build.0 = Debug|Any CPU
		{94CA7246-1361-4D10-B8E3-458B3EA5A4DD}.Release|Any CPU.ActiveCfg = Release|Any CPU
		{94CA7246-1361-4D10-B8E3-458B3EA5A4DD}.Release|Any CPU.Build.0 = Release|Any CPU
		{94CA7246-1361-4D10-B8E3-458B3EA5A4DD}.Release|ARM.ActiveCfg = Release|Any CPU
		{94CA7246-1361-4D10-B8E3-458B3EA5A4DD}.Release|ARM.Build.0 = Release|Any CPU
		{94CA7246-1361-4D10-B8E3-458B3EA5A4DD}.Release|iPhone.ActiveCfg = Release|Any CPU
		{94CA7246-1361-4D10-B8E3-458B3EA5A4DD}.Release|iPhone.Build.0 = Release|Any CPU
		{94CA7246-1361-4D10-B8E3-458B3EA5A4DD}.Release|iPhoneSimulator.ActiveCfg = Release|Any CPU
		{94CA7246-1361-4D10-B8E3-458B3EA5A4DD}.Release|iPhoneSimulator.Build.0 = Release|Any CPU
		{94CA7246-1361-4D10-B8E3-458B3EA5A4DD}.Release|x64.ActiveCfg = Release|Any CPU
		{94CA7246-1361-4D10-B8E3-458B3EA5A4DD}.Release|x64.Build.0 = Release|Any CPU
		{94CA7246-1361-4D10-B8E3-458B3EA5A4DD}.Release|x86.ActiveCfg = Release|Any CPU
		{94CA7246-1361-4D10-B8E3-458B3EA5A4DD}.Release|x86.Build.0 = Release|Any CPU
		{4931FB28-3E47-484C-B8B2-797A0C67D1AB}.Ad-Hoc|Any CPU.ActiveCfg = Release|Any CPU
		{4931FB28-3E47-484C-B8B2-797A0C67D1AB}.Ad-Hoc|Any CPU.Build.0 = Release|Any CPU
		{4931FB28-3E47-484C-B8B2-797A0C67D1AB}.Ad-Hoc|Any CPU.Deploy.0 = Release|Any CPU
		{4931FB28-3E47-484C-B8B2-797A0C67D1AB}.Ad-Hoc|ARM.ActiveCfg = Release|Any CPU
		{4931FB28-3E47-484C-B8B2-797A0C67D1AB}.Ad-Hoc|ARM.Build.0 = Release|Any CPU
		{4931FB28-3E47-484C-B8B2-797A0C67D1AB}.Ad-Hoc|ARM.Deploy.0 = Release|Any CPU
		{4931FB28-3E47-484C-B8B2-797A0C67D1AB}.Ad-Hoc|iPhone.ActiveCfg = Release|Any CPU
		{4931FB28-3E47-484C-B8B2-797A0C67D1AB}.Ad-Hoc|iPhone.Build.0 = Release|Any CPU
		{4931FB28-3E47-484C-B8B2-797A0C67D1AB}.Ad-Hoc|iPhone.Deploy.0 = Release|Any CPU
		{4931FB28-3E47-484C-B8B2-797A0C67D1AB}.Ad-Hoc|iPhoneSimulator.ActiveCfg = Release|Any CPU
		{4931FB28-3E47-484C-B8B2-797A0C67D1AB}.Ad-Hoc|iPhoneSimulator.Build.0 = Release|Any CPU
		{4931FB28-3E47-484C-B8B2-797A0C67D1AB}.Ad-Hoc|iPhoneSimulator.Deploy.0 = Release|Any CPU
		{4931FB28-3E47-484C-B8B2-797A0C67D1AB}.Ad-Hoc|x64.ActiveCfg = Release|Any CPU
		{4931FB28-3E47-484C-B8B2-797A0C67D1AB}.Ad-Hoc|x64.Build.0 = Release|Any CPU
		{4931FB28-3E47-484C-B8B2-797A0C67D1AB}.Ad-Hoc|x64.Deploy.0 = Release|Any CPU
		{4931FB28-3E47-484C-B8B2-797A0C67D1AB}.Ad-Hoc|x86.ActiveCfg = Release|Any CPU
		{4931FB28-3E47-484C-B8B2-797A0C67D1AB}.Ad-Hoc|x86.Build.0 = Release|Any CPU
		{4931FB28-3E47-484C-B8B2-797A0C67D1AB}.Ad-Hoc|x86.Deploy.0 = Release|Any CPU
		{4931FB28-3E47-484C-B8B2-797A0C67D1AB}.AppStore|Any CPU.ActiveCfg = Release|Any CPU
		{4931FB28-3E47-484C-B8B2-797A0C67D1AB}.AppStore|Any CPU.Build.0 = Release|Any CPU
		{4931FB28-3E47-484C-B8B2-797A0C67D1AB}.AppStore|Any CPU.Deploy.0 = Release|Any CPU
		{4931FB28-3E47-484C-B8B2-797A0C67D1AB}.AppStore|ARM.ActiveCfg = Release|Any CPU
		{4931FB28-3E47-484C-B8B2-797A0C67D1AB}.AppStore|ARM.Build.0 = Release|Any CPU
		{4931FB28-3E47-484C-B8B2-797A0C67D1AB}.AppStore|ARM.Deploy.0 = Release|Any CPU
		{4931FB28-3E47-484C-B8B2-797A0C67D1AB}.AppStore|iPhone.ActiveCfg = Release|Any CPU
		{4931FB28-3E47-484C-B8B2-797A0C67D1AB}.AppStore|iPhone.Build.0 = Release|Any CPU
		{4931FB28-3E47-484C-B8B2-797A0C67D1AB}.AppStore|iPhone.Deploy.0 = Release|Any CPU
		{4931FB28-3E47-484C-B8B2-797A0C67D1AB}.AppStore|iPhoneSimulator.ActiveCfg = Release|Any CPU
		{4931FB28-3E47-484C-B8B2-797A0C67D1AB}.AppStore|iPhoneSimulator.Build.0 = Release|Any CPU
		{4931FB28-3E47-484C-B8B2-797A0C67D1AB}.AppStore|iPhoneSimulator.Deploy.0 = Release|Any CPU
		{4931FB28-3E47-484C-B8B2-797A0C67D1AB}.AppStore|x64.ActiveCfg = Release|Any CPU
		{4931FB28-3E47-484C-B8B2-797A0C67D1AB}.AppStore|x64.Build.0 = Release|Any CPU
		{4931FB28-3E47-484C-B8B2-797A0C67D1AB}.AppStore|x64.Deploy.0 = Release|Any CPU
		{4931FB28-3E47-484C-B8B2-797A0C67D1AB}.AppStore|x86.ActiveCfg = Release|Any CPU
		{4931FB28-3E47-484C-B8B2-797A0C67D1AB}.AppStore|x86.Build.0 = Release|Any CPU
		{4931FB28-3E47-484C-B8B2-797A0C67D1AB}.AppStore|x86.Deploy.0 = Release|Any CPU
		{4931FB28-3E47-484C-B8B2-797A0C67D1AB}.Debug|Any CPU.ActiveCfg = Debug|Any CPU
		{4931FB28-3E47-484C-B8B2-797A0C67D1AB}.Debug|Any CPU.Build.0 = Debug|Any CPU
		{4931FB28-3E47-484C-B8B2-797A0C67D1AB}.Debug|Any CPU.Deploy.0 = Debug|Any CPU
		{4931FB28-3E47-484C-B8B2-797A0C67D1AB}.Debug|ARM.ActiveCfg = Debug|Any CPU
		{4931FB28-3E47-484C-B8B2-797A0C67D1AB}.Debug|ARM.Build.0 = Debug|Any CPU
		{4931FB28-3E47-484C-B8B2-797A0C67D1AB}.Debug|ARM.Deploy.0 = Debug|Any CPU
		{4931FB28-3E47-484C-B8B2-797A0C67D1AB}.Debug|iPhone.ActiveCfg = Debug|Any CPU
		{4931FB28-3E47-484C-B8B2-797A0C67D1AB}.Debug|iPhone.Build.0 = Debug|Any CPU
		{4931FB28-3E47-484C-B8B2-797A0C67D1AB}.Debug|iPhone.Deploy.0 = Debug|Any CPU
		{4931FB28-3E47-484C-B8B2-797A0C67D1AB}.Debug|iPhoneSimulator.ActiveCfg = Debug|Any CPU
		{4931FB28-3E47-484C-B8B2-797A0C67D1AB}.Debug|iPhoneSimulator.Build.0 = Debug|Any CPU
		{4931FB28-3E47-484C-B8B2-797A0C67D1AB}.Debug|iPhoneSimulator.Deploy.0 = Debug|Any CPU
		{4931FB28-3E47-484C-B8B2-797A0C67D1AB}.Debug|x64.ActiveCfg = Debug|Any CPU
		{4931FB28-3E47-484C-B8B2-797A0C67D1AB}.Debug|x64.Build.0 = Debug|Any CPU
		{4931FB28-3E47-484C-B8B2-797A0C67D1AB}.Debug|x64.Deploy.0 = Debug|Any CPU
		{4931FB28-3E47-484C-B8B2-797A0C67D1AB}.Debug|x86.ActiveCfg = Debug|Any CPU
		{4931FB28-3E47-484C-B8B2-797A0C67D1AB}.Debug|x86.Build.0 = Debug|Any CPU
		{4931FB28-3E47-484C-B8B2-797A0C67D1AB}.Debug|x86.Deploy.0 = Debug|Any CPU
		{4931FB28-3E47-484C-B8B2-797A0C67D1AB}.Release|Any CPU.ActiveCfg = Release|Any CPU
		{4931FB28-3E47-484C-B8B2-797A0C67D1AB}.Release|Any CPU.Build.0 = Release|Any CPU
		{4931FB28-3E47-484C-B8B2-797A0C67D1AB}.Release|Any CPU.Deploy.0 = Release|Any CPU
		{4931FB28-3E47-484C-B8B2-797A0C67D1AB}.Release|ARM.ActiveCfg = Release|Any CPU
		{4931FB28-3E47-484C-B8B2-797A0C67D1AB}.Release|ARM.Build.0 = Release|Any CPU
		{4931FB28-3E47-484C-B8B2-797A0C67D1AB}.Release|ARM.Deploy.0 = Release|Any CPU
		{4931FB28-3E47-484C-B8B2-797A0C67D1AB}.Release|iPhone.ActiveCfg = Release|Any CPU
		{4931FB28-3E47-484C-B8B2-797A0C67D1AB}.Release|iPhone.Build.0 = Release|Any CPU
		{4931FB28-3E47-484C-B8B2-797A0C67D1AB}.Release|iPhone.Deploy.0 = Release|Any CPU
		{4931FB28-3E47-484C-B8B2-797A0C67D1AB}.Release|iPhoneSimulator.ActiveCfg = Release|Any CPU
		{4931FB28-3E47-484C-B8B2-797A0C67D1AB}.Release|iPhoneSimulator.Build.0 = Release|Any CPU
		{4931FB28-3E47-484C-B8B2-797A0C67D1AB}.Release|iPhoneSimulator.Deploy.0 = Release|Any CPU
		{4931FB28-3E47-484C-B8B2-797A0C67D1AB}.Release|x64.ActiveCfg = Release|Any CPU
		{4931FB28-3E47-484C-B8B2-797A0C67D1AB}.Release|x64.Build.0 = Release|Any CPU
		{4931FB28-3E47-484C-B8B2-797A0C67D1AB}.Release|x64.Deploy.0 = Release|Any CPU
		{4931FB28-3E47-484C-B8B2-797A0C67D1AB}.Release|x86.ActiveCfg = Release|Any CPU
		{4931FB28-3E47-484C-B8B2-797A0C67D1AB}.Release|x86.Build.0 = Release|Any CPU
		{4931FB28-3E47-484C-B8B2-797A0C67D1AB}.Release|x86.Deploy.0 = Release|Any CPU
		{13B2D7EB-642A-46FD-840E-C48E070033C6}.Ad-Hoc|Any CPU.ActiveCfg = Ad-Hoc|iPhone
		{13B2D7EB-642A-46FD-840E-C48E070033C6}.Ad-Hoc|ARM.ActiveCfg = Ad-Hoc|iPhone
		{13B2D7EB-642A-46FD-840E-C48E070033C6}.Ad-Hoc|iPhone.ActiveCfg = Ad-Hoc|iPhone
		{13B2D7EB-642A-46FD-840E-C48E070033C6}.Ad-Hoc|iPhone.Build.0 = Ad-Hoc|iPhone
		{13B2D7EB-642A-46FD-840E-C48E070033C6}.Ad-Hoc|iPhoneSimulator.ActiveCfg = Ad-Hoc|iPhoneSimulator
		{13B2D7EB-642A-46FD-840E-C48E070033C6}.Ad-Hoc|iPhoneSimulator.Build.0 = Ad-Hoc|iPhoneSimulator
		{13B2D7EB-642A-46FD-840E-C48E070033C6}.Ad-Hoc|x64.ActiveCfg = Ad-Hoc|iPhone
		{13B2D7EB-642A-46FD-840E-C48E070033C6}.Ad-Hoc|x86.ActiveCfg = Ad-Hoc|iPhone
		{13B2D7EB-642A-46FD-840E-C48E070033C6}.AppStore|Any CPU.ActiveCfg = AppStore|iPhone
		{13B2D7EB-642A-46FD-840E-C48E070033C6}.AppStore|ARM.ActiveCfg = AppStore|iPhone
		{13B2D7EB-642A-46FD-840E-C48E070033C6}.AppStore|iPhone.ActiveCfg = AppStore|iPhone
		{13B2D7EB-642A-46FD-840E-C48E070033C6}.AppStore|iPhone.Build.0 = AppStore|iPhone
		{13B2D7EB-642A-46FD-840E-C48E070033C6}.AppStore|iPhoneSimulator.ActiveCfg = AppStore|iPhoneSimulator
		{13B2D7EB-642A-46FD-840E-C48E070033C6}.AppStore|iPhoneSimulator.Build.0 = AppStore|iPhoneSimulator
		{13B2D7EB-642A-46FD-840E-C48E070033C6}.AppStore|x64.ActiveCfg = AppStore|iPhone
		{13B2D7EB-642A-46FD-840E-C48E070033C6}.AppStore|x86.ActiveCfg = AppStore|iPhone
		{13B2D7EB-642A-46FD-840E-C48E070033C6}.Debug|Any CPU.ActiveCfg = Debug|iPhone
		{13B2D7EB-642A-46FD-840E-C48E070033C6}.Debug|ARM.ActiveCfg = Debug|iPhone
		{13B2D7EB-642A-46FD-840E-C48E070033C6}.Debug|iPhone.ActiveCfg = Debug|iPhone
		{13B2D7EB-642A-46FD-840E-C48E070033C6}.Debug|iPhone.Build.0 = Debug|iPhone
		{13B2D7EB-642A-46FD-840E-C48E070033C6}.Debug|iPhone.Deploy.0 = Debug|iPhone
		{13B2D7EB-642A-46FD-840E-C48E070033C6}.Debug|iPhoneSimulator.ActiveCfg = Debug|iPhoneSimulator
		{13B2D7EB-642A-46FD-840E-C48E070033C6}.Debug|iPhoneSimulator.Build.0 = Debug|iPhoneSimulator
		{13B2D7EB-642A-46FD-840E-C48E070033C6}.Debug|x64.ActiveCfg = Debug|iPhone
		{13B2D7EB-642A-46FD-840E-C48E070033C6}.Debug|x86.ActiveCfg = Debug|iPhone
		{13B2D7EB-642A-46FD-840E-C48E070033C6}.Release|Any CPU.ActiveCfg = Release|iPhone
		{13B2D7EB-642A-46FD-840E-C48E070033C6}.Release|ARM.ActiveCfg = Release|iPhone
		{13B2D7EB-642A-46FD-840E-C48E070033C6}.Release|iPhone.ActiveCfg = Release|iPhone
		{13B2D7EB-642A-46FD-840E-C48E070033C6}.Release|iPhone.Build.0 = Release|iPhone
		{13B2D7EB-642A-46FD-840E-C48E070033C6}.Release|iPhoneSimulator.ActiveCfg = Release|iPhoneSimulator
		{13B2D7EB-642A-46FD-840E-C48E070033C6}.Release|iPhoneSimulator.Build.0 = Release|iPhoneSimulator
		{13B2D7EB-642A-46FD-840E-C48E070033C6}.Release|x64.ActiveCfg = Release|iPhone
		{13B2D7EB-642A-46FD-840E-C48E070033C6}.Release|x86.ActiveCfg = Release|iPhone
		{45EF5995-6FF7-40C1-A32A-BDDF57316133}.Ad-Hoc|Any CPU.ActiveCfg = Release|x86
		{45EF5995-6FF7-40C1-A32A-BDDF57316133}.Ad-Hoc|Any CPU.Build.0 = Release|x86
		{45EF5995-6FF7-40C1-A32A-BDDF57316133}.Ad-Hoc|Any CPU.Deploy.0 = Release|x86
		{45EF5995-6FF7-40C1-A32A-BDDF57316133}.Ad-Hoc|ARM.ActiveCfg = Release|ARM
		{45EF5995-6FF7-40C1-A32A-BDDF57316133}.Ad-Hoc|ARM.Build.0 = Release|ARM
		{45EF5995-6FF7-40C1-A32A-BDDF57316133}.Ad-Hoc|ARM.Deploy.0 = Release|ARM
		{45EF5995-6FF7-40C1-A32A-BDDF57316133}.Ad-Hoc|iPhone.ActiveCfg = Release|x86
		{45EF5995-6FF7-40C1-A32A-BDDF57316133}.Ad-Hoc|iPhone.Build.0 = Release|x86
		{45EF5995-6FF7-40C1-A32A-BDDF57316133}.Ad-Hoc|iPhone.Deploy.0 = Release|x86
		{45EF5995-6FF7-40C1-A32A-BDDF57316133}.Ad-Hoc|iPhoneSimulator.ActiveCfg = Release|x86
		{45EF5995-6FF7-40C1-A32A-BDDF57316133}.Ad-Hoc|iPhoneSimulator.Build.0 = Release|x86
		{45EF5995-6FF7-40C1-A32A-BDDF57316133}.Ad-Hoc|iPhoneSimulator.Deploy.0 = Release|x86
		{45EF5995-6FF7-40C1-A32A-BDDF57316133}.Ad-Hoc|x64.ActiveCfg = Release|x64
		{45EF5995-6FF7-40C1-A32A-BDDF57316133}.Ad-Hoc|x64.Build.0 = Release|x64
		{45EF5995-6FF7-40C1-A32A-BDDF57316133}.Ad-Hoc|x64.Deploy.0 = Release|x64
		{45EF5995-6FF7-40C1-A32A-BDDF57316133}.Ad-Hoc|x86.ActiveCfg = Release|x86
		{45EF5995-6FF7-40C1-A32A-BDDF57316133}.Ad-Hoc|x86.Build.0 = Release|x86
		{45EF5995-6FF7-40C1-A32A-BDDF57316133}.Ad-Hoc|x86.Deploy.0 = Release|x86
		{45EF5995-6FF7-40C1-A32A-BDDF57316133}.AppStore|Any CPU.ActiveCfg = Release|x86
		{45EF5995-6FF7-40C1-A32A-BDDF57316133}.AppStore|Any CPU.Build.0 = Release|x86
		{45EF5995-6FF7-40C1-A32A-BDDF57316133}.AppStore|Any CPU.Deploy.0 = Release|x86
		{45EF5995-6FF7-40C1-A32A-BDDF57316133}.AppStore|ARM.ActiveCfg = Release|ARM
		{45EF5995-6FF7-40C1-A32A-BDDF57316133}.AppStore|ARM.Build.0 = Release|ARM
		{45EF5995-6FF7-40C1-A32A-BDDF57316133}.AppStore|ARM.Deploy.0 = Release|ARM
		{45EF5995-6FF7-40C1-A32A-BDDF57316133}.AppStore|iPhone.ActiveCfg = Release|x86
		{45EF5995-6FF7-40C1-A32A-BDDF57316133}.AppStore|iPhone.Build.0 = Release|x86
		{45EF5995-6FF7-40C1-A32A-BDDF57316133}.AppStore|iPhone.Deploy.0 = Release|x86
		{45EF5995-6FF7-40C1-A32A-BDDF57316133}.AppStore|iPhoneSimulator.ActiveCfg = Release|x86
		{45EF5995-6FF7-40C1-A32A-BDDF57316133}.AppStore|iPhoneSimulator.Build.0 = Release|x86
		{45EF5995-6FF7-40C1-A32A-BDDF57316133}.AppStore|iPhoneSimulator.Deploy.0 = Release|x86
		{45EF5995-6FF7-40C1-A32A-BDDF57316133}.AppStore|x64.ActiveCfg = Release|x64
		{45EF5995-6FF7-40C1-A32A-BDDF57316133}.AppStore|x64.Build.0 = Release|x64
		{45EF5995-6FF7-40C1-A32A-BDDF57316133}.AppStore|x64.Deploy.0 = Release|x64
		{45EF5995-6FF7-40C1-A32A-BDDF57316133}.AppStore|x86.ActiveCfg = Release|x86
		{45EF5995-6FF7-40C1-A32A-BDDF57316133}.AppStore|x86.Build.0 = Release|x86
		{45EF5995-6FF7-40C1-A32A-BDDF57316133}.AppStore|x86.Deploy.0 = Release|x86
		{45EF5995-6FF7-40C1-A32A-BDDF57316133}.Debug|Any CPU.ActiveCfg = Debug|x86
		{45EF5995-6FF7-40C1-A32A-BDDF57316133}.Debug|Any CPU.Build.0 = Debug|x86
		{45EF5995-6FF7-40C1-A32A-BDDF57316133}.Debug|Any CPU.Deploy.0 = Debug|x86
		{45EF5995-6FF7-40C1-A32A-BDDF57316133}.Debug|ARM.ActiveCfg = Debug|ARM
		{45EF5995-6FF7-40C1-A32A-BDDF57316133}.Debug|ARM.Build.0 = Debug|ARM
		{45EF5995-6FF7-40C1-A32A-BDDF57316133}.Debug|ARM.Deploy.0 = Debug|ARM
		{45EF5995-6FF7-40C1-A32A-BDDF57316133}.Debug|iPhone.ActiveCfg = Debug|x86
		{45EF5995-6FF7-40C1-A32A-BDDF57316133}.Debug|iPhone.Build.0 = Debug|x86
		{45EF5995-6FF7-40C1-A32A-BDDF57316133}.Debug|iPhone.Deploy.0 = Debug|x86
		{45EF5995-6FF7-40C1-A32A-BDDF57316133}.Debug|iPhoneSimulator.ActiveCfg = Debug|x86
		{45EF5995-6FF7-40C1-A32A-BDDF57316133}.Debug|x64.ActiveCfg = Debug|x64
		{45EF5995-6FF7-40C1-A32A-BDDF57316133}.Debug|x64.Build.0 = Debug|x64
		{45EF5995-6FF7-40C1-A32A-BDDF57316133}.Debug|x64.Deploy.0 = Debug|x64
		{45EF5995-6FF7-40C1-A32A-BDDF57316133}.Debug|x86.ActiveCfg = Debug|x86
		{45EF5995-6FF7-40C1-A32A-BDDF57316133}.Debug|x86.Build.0 = Debug|x86
		{45EF5995-6FF7-40C1-A32A-BDDF57316133}.Debug|x86.Deploy.0 = Debug|x86
		{45EF5995-6FF7-40C1-A32A-BDDF57316133}.Release|Any CPU.ActiveCfg = Release|x86
		{45EF5995-6FF7-40C1-A32A-BDDF57316133}.Release|ARM.ActiveCfg = Release|ARM
		{45EF5995-6FF7-40C1-A32A-BDDF57316133}.Release|ARM.Build.0 = Release|ARM
		{45EF5995-6FF7-40C1-A32A-BDDF57316133}.Release|ARM.Deploy.0 = Release|ARM
		{45EF5995-6FF7-40C1-A32A-BDDF57316133}.Release|iPhone.ActiveCfg = Release|x86
		{45EF5995-6FF7-40C1-A32A-BDDF57316133}.Release|iPhoneSimulator.ActiveCfg = Release|x86
		{45EF5995-6FF7-40C1-A32A-BDDF57316133}.Release|x64.ActiveCfg = Release|x64
		{45EF5995-6FF7-40C1-A32A-BDDF57316133}.Release|x64.Build.0 = Release|x64
		{45EF5995-6FF7-40C1-A32A-BDDF57316133}.Release|x64.Deploy.0 = Release|x64
		{45EF5995-6FF7-40C1-A32A-BDDF57316133}.Release|x86.ActiveCfg = Release|x86
		{45EF5995-6FF7-40C1-A32A-BDDF57316133}.Release|x86.Build.0 = Release|x86
		{45EF5995-6FF7-40C1-A32A-BDDF57316133}.Release|x86.Deploy.0 = Release|x86
		{D7A011A3-04BB-4984-9D9D-4B6DCEEB2449}.Ad-Hoc|Any CPU.ActiveCfg = Release|Any CPU
		{D7A011A3-04BB-4984-9D9D-4B6DCEEB2449}.Ad-Hoc|Any CPU.Build.0 = Release|Any CPU
		{D7A011A3-04BB-4984-9D9D-4B6DCEEB2449}.Ad-Hoc|ARM.ActiveCfg = Release|Any CPU
		{D7A011A3-04BB-4984-9D9D-4B6DCEEB2449}.Ad-Hoc|ARM.Build.0 = Release|Any CPU
		{D7A011A3-04BB-4984-9D9D-4B6DCEEB2449}.Ad-Hoc|iPhone.ActiveCfg = Release|Any CPU
		{D7A011A3-04BB-4984-9D9D-4B6DCEEB2449}.Ad-Hoc|iPhone.Build.0 = Release|Any CPU
		{D7A011A3-04BB-4984-9D9D-4B6DCEEB2449}.Ad-Hoc|iPhoneSimulator.ActiveCfg = Release|Any CPU
		{D7A011A3-04BB-4984-9D9D-4B6DCEEB2449}.Ad-Hoc|iPhoneSimulator.Build.0 = Release|Any CPU
		{D7A011A3-04BB-4984-9D9D-4B6DCEEB2449}.Ad-Hoc|x64.ActiveCfg = Release|Any CPU
		{D7A011A3-04BB-4984-9D9D-4B6DCEEB2449}.Ad-Hoc|x64.Build.0 = Release|Any CPU
		{D7A011A3-04BB-4984-9D9D-4B6DCEEB2449}.Ad-Hoc|x86.ActiveCfg = Release|Any CPU
		{D7A011A3-04BB-4984-9D9D-4B6DCEEB2449}.Ad-Hoc|x86.Build.0 = Release|Any CPU
		{D7A011A3-04BB-4984-9D9D-4B6DCEEB2449}.AppStore|Any CPU.ActiveCfg = Release|Any CPU
		{D7A011A3-04BB-4984-9D9D-4B6DCEEB2449}.AppStore|Any CPU.Build.0 = Release|Any CPU
		{D7A011A3-04BB-4984-9D9D-4B6DCEEB2449}.AppStore|ARM.ActiveCfg = Release|Any CPU
		{D7A011A3-04BB-4984-9D9D-4B6DCEEB2449}.AppStore|ARM.Build.0 = Release|Any CPU
		{D7A011A3-04BB-4984-9D9D-4B6DCEEB2449}.AppStore|iPhone.ActiveCfg = Release|Any CPU
		{D7A011A3-04BB-4984-9D9D-4B6DCEEB2449}.AppStore|iPhone.Build.0 = Release|Any CPU
		{D7A011A3-04BB-4984-9D9D-4B6DCEEB2449}.AppStore|iPhoneSimulator.ActiveCfg = Release|Any CPU
		{D7A011A3-04BB-4984-9D9D-4B6DCEEB2449}.AppStore|iPhoneSimulator.Build.0 = Release|Any CPU
		{D7A011A3-04BB-4984-9D9D-4B6DCEEB2449}.AppStore|x64.ActiveCfg = Release|Any CPU
		{D7A011A3-04BB-4984-9D9D-4B6DCEEB2449}.AppStore|x64.Build.0 = Release|Any CPU
		{D7A011A3-04BB-4984-9D9D-4B6DCEEB2449}.AppStore|x86.ActiveCfg = Release|Any CPU
		{D7A011A3-04BB-4984-9D9D-4B6DCEEB2449}.AppStore|x86.Build.0 = Release|Any CPU
		{D7A011A3-04BB-4984-9D9D-4B6DCEEB2449}.Debug|Any CPU.ActiveCfg = Debug|Any CPU
		{D7A011A3-04BB-4984-9D9D-4B6DCEEB2449}.Debug|Any CPU.Build.0 = Debug|Any CPU
		{D7A011A3-04BB-4984-9D9D-4B6DCEEB2449}.Debug|ARM.ActiveCfg = Debug|Any CPU
		{D7A011A3-04BB-4984-9D9D-4B6DCEEB2449}.Debug|ARM.Build.0 = Debug|Any CPU
		{D7A011A3-04BB-4984-9D9D-4B6DCEEB2449}.Debug|iPhone.ActiveCfg = Debug|Any CPU
		{D7A011A3-04BB-4984-9D9D-4B6DCEEB2449}.Debug|iPhone.Build.0 = Debug|Any CPU
		{D7A011A3-04BB-4984-9D9D-4B6DCEEB2449}.Debug|iPhoneSimulator.ActiveCfg = Debug|Any CPU
		{D7A011A3-04BB-4984-9D9D-4B6DCEEB2449}.Debug|iPhoneSimulator.Build.0 = Debug|Any CPU
		{D7A011A3-04BB-4984-9D9D-4B6DCEEB2449}.Debug|x64.ActiveCfg = Debug|Any CPU
		{D7A011A3-04BB-4984-9D9D-4B6DCEEB2449}.Debug|x64.Build.0 = Debug|Any CPU
		{D7A011A3-04BB-4984-9D9D-4B6DCEEB2449}.Debug|x86.ActiveCfg = Debug|Any CPU
		{D7A011A3-04BB-4984-9D9D-4B6DCEEB2449}.Debug|x86.Build.0 = Debug|Any CPU
		{D7A011A3-04BB-4984-9D9D-4B6DCEEB2449}.Release|Any CPU.ActiveCfg = Release|Any CPU
		{D7A011A3-04BB-4984-9D9D-4B6DCEEB2449}.Release|Any CPU.Build.0 = Release|Any CPU
		{D7A011A3-04BB-4984-9D9D-4B6DCEEB2449}.Release|ARM.ActiveCfg = Release|Any CPU
		{D7A011A3-04BB-4984-9D9D-4B6DCEEB2449}.Release|ARM.Build.0 = Release|Any CPU
		{D7A011A3-04BB-4984-9D9D-4B6DCEEB2449}.Release|iPhone.ActiveCfg = Release|Any CPU
		{D7A011A3-04BB-4984-9D9D-4B6DCEEB2449}.Release|iPhone.Build.0 = Release|Any CPU
		{D7A011A3-04BB-4984-9D9D-4B6DCEEB2449}.Release|iPhoneSimulator.ActiveCfg = Release|Any CPU
		{D7A011A3-04BB-4984-9D9D-4B6DCEEB2449}.Release|iPhoneSimulator.Build.0 = Release|Any CPU
		{D7A011A3-04BB-4984-9D9D-4B6DCEEB2449}.Release|x64.ActiveCfg = Release|Any CPU
		{D7A011A3-04BB-4984-9D9D-4B6DCEEB2449}.Release|x64.Build.0 = Release|Any CPU
		{D7A011A3-04BB-4984-9D9D-4B6DCEEB2449}.Release|x86.ActiveCfg = Release|Any CPU
		{D7A011A3-04BB-4984-9D9D-4B6DCEEB2449}.Release|x86.Build.0 = Release|Any CPU
	EndGlobalSection
	GlobalSection(SolutionProperties) = preSolution
		HideSolutionNode = FALSE
	EndGlobalSection
	GlobalSection(NestedProjects) = preSolution
		{67F9D3A8-F71E-4428-913F-C37AE82CDB24} = {C5A00C75-FFA5-48D9-892F-EFE0FCE3787F}
		{94CA7246-1361-4D10-B8E3-458B3EA5A4DD} = {C5A00C75-FFA5-48D9-892F-EFE0FCE3787F}
		{4931FB28-3E47-484C-B8B2-797A0C67D1AB} = {753DB665-395C-4AB8-98CC-385D262F25F9}
		{13B2D7EB-642A-46FD-840E-C48E070033C6} = {753DB665-395C-4AB8-98CC-385D262F25F9}
		{45EF5995-6FF7-40C1-A32A-BDDF57316133} = {753DB665-395C-4AB8-98CC-385D262F25F9}
		{D7A011A3-04BB-4984-9D9D-4B6DCEEB2449} = {753DB665-395C-4AB8-98CC-385D262F25F9}
	EndGlobalSection
EndGlobal
