
Microsoft Visual Studio Solution File, Format Version 12.00
# Visual Studio 14
VisualStudioVersion = 14.0.25420.1
MinimumVisualStudioVersion = 10.0.40219.1
Project("{FAE04EC0-301F-11D3-BF4B-00C04F79EFBC}") = "MVPathway", "MVPathway\MVPathway.csproj", "{67F9D3A8-F71E-4428-913F-C37AE82CDB24}"
EndProject
Project("{FAE04EC0-301F-11D3-BF4B-00C04F79EFBC}") = "MVPathway.Utils", "MVPathway.Utils\MVPathway.Utils.csproj", "{94CA7246-1361-4D10-B8E3-458B3EA5A4DD}"
EndProject
Project("{8BB2217D-0F2D-49D1-97BC-3654ED321F3B}") = "MVPathway.Integration", "MVPathway.Integration\MVPathway.Integration.xproj", "{6A33C371-72F8-4F91-885C-99E1F8DC6B9B}"
EndProject
Global
	GlobalSection(SolutionConfigurationPlatforms) = preSolution
		Debug|Any CPU = Debug|Any CPU
		Release|Any CPU = Release|Any CPU
	EndGlobalSection
	GlobalSection(ProjectConfigurationPlatforms) = postSolution
		{67F9D3A8-F71E-4428-913F-C37AE82CDB24}.Debug|Any CPU.ActiveCfg = Debug|Any CPU
		{67F9D3A8-F71E-4428-913F-C37AE82CDB24}.Debug|Any CPU.Build.0 = Debug|Any CPU
		{67F9D3A8-F71E-4428-913F-C37AE82CDB24}.Release|Any CPU.ActiveCfg = Release|Any CPU
		{67F9D3A8-F71E-4428-913F-C37AE82CDB24}.Release|Any CPU.Build.0 = Release|Any CPU
		{94CA7246-1361-4D10-B8E3-458B3EA5A4DD}.Debug|Any CPU.ActiveCfg = Debug|Any CPU
		{94CA7246-1361-4D10-B8E3-458B3EA5A4DD}.Debug|Any CPU.Build.0 = Debug|Any CPU
		{94CA7246-1361-4D10-B8E3-458B3EA5A4DD}.Release|Any CPU.ActiveCfg = Release|Any CPU
		{94CA7246-1361-4D10-B8E3-458B3EA5A4DD}.Release|Any CPU.Build.0 = Release|Any CPU
		{6A33C371-72F8-4F91-885C-99E1F8DC6B9B}.Debug|Any CPU.ActiveCfg = Debug|Any CPU
		{6A33C371-72F8-4F91-885C-99E1F8DC6B9B}.Debug|Any CPU.Build.0 = Debug|Any CPU
		{6A33C371-72F8-4F91-885C-99E1F8DC6B9B}.Release|Any CPU.ActiveCfg = Release|Any CPU
		{6A33C371-72F8-4F91-885C-99E1F8DC6B9B}.Release|Any CPU.Build.0 = Release|Any CPU
	EndGlobalSection
	GlobalSection(SolutionProperties) = preSolution
		HideSolutionNode = FALSE
	EndGlobalSection
EndGlobal
